// !$*UTF8*$!
{
	archiveVersion = 1;
	classes = {
	};
	objectVersion = 60;
	objects = {

/* Begin PBXBuildFile section */
		0304BCB02B2CB0568B7047E9 /* FinScopeUITestsLaunchTests.swift in Sources */ = {isa = PBXBuildFile; fileRef = 2D1A7D646616E50078F042A1 /* FinScopeUITestsLaunchTests.swift */; };
		1003CB33AF057FFF8B6F4F67 /* FinScopeApp.swift in Sources */ = {isa = PBXBuildFile; fileRef = 5183450ADA4538DED72B8404 /* FinScopeApp.swift */; };
		5AB154C52F3E807500412C7D /* ContentCoordinatorView.swift in Sources */ = {isa = PBXBuildFile; fileRef = 5AB154A92F3E807500412C7D /* ContentCoordinatorView.swift */; };
		5AB154CA2F3E807500412C7D /* ContentCoordinator.swift in Sources */ = {isa = PBXBuildFile; fileRef = 5AB154A82F3E807500412C7D /* ContentCoordinator.swift */; };
		5AB154CB2F3E807500412C7D /* AppCoordinator.swift in Sources */ = {isa = PBXBuildFile; fileRef = 5AB154A52F3E807500412C7D /* AppCoordinator.swift */; };
		5AB154CC2F3E807500412C7D /* AppCoordinatorView.swift in Sources */ = {isa = PBXBuildFile; fileRef = 5AB154A62F3E807500412C7D /* AppCoordinatorView.swift */; };
		5AB154CF2F3E80CC00412C7D /* AppState.swift in Sources */ = {isa = PBXBuildFile; fileRef = 5AB154CD2F3E80CC00412C7D /* AppState.swift */; };
		8B9999B1C8B047511F1998E8 /* Preview Content in Resources */ = {isa = PBXBuildFile; fileRef = 2F88FD64600D4498217DCDD9 /* Preview Content */; };
		C9ACD8A46690C2A85410AA1C /* FinScopeUITests.swift in Sources */ = {isa = PBXBuildFile; fileRef = 9A156935D480CB151D934E7A /* FinScopeUITests.swift */; };
		D3D0FCF12D178AF59793148F /* Assets.xcassets in Resources */ = {isa = PBXBuildFile; fileRef = 4069ACC4B1B0DD54C9682123 /* Assets.xcassets */; };
		ED71D6C7DEDA9961826CA09F /* FinScopeTests.swift in Sources */ = {isa = PBXBuildFile; fileRef = DB75E3F53CBA8D035EC5C697 /* FinScopeTests.swift */; };
		F00000000000000000BB0001 /* Coordinator.swift in Sources */ = {isa = PBXBuildFile; fileRef = F00000000000000000AA0001 /* Coordinator.swift */; };
		F00000000000000000BB0002 /* DashboardCoordinator.swift in Sources */ = {isa = PBXBuildFile; fileRef = F00000000000000000AA0002 /* DashboardCoordinator.swift */; };
		F00000000000000000BB0003 /* DashboardCoordinatorView.swift in Sources */ = {isa = PBXBuildFile; fileRef = F00000000000000000AA0003 /* DashboardCoordinatorView.swift */; };
		F00000000000000000BB0004 /* NavigationDestination.swift in Sources */ = {isa = PBXBuildFile; fileRef = F00000000000000000AA0004 /* NavigationDestination.swift */; };
		F00000000000000000BB0005 /* AccountsCoordinator.swift in Sources */ = {isa = PBXBuildFile; fileRef = F00000000000000000AA0005 /* AccountsCoordinator.swift */; };
		F00000000000000000BB0006 /* AccountsCoordinatorView.swift in Sources */ = {isa = PBXBuildFile; fileRef = F00000000000000000AA0006 /* AccountsCoordinatorView.swift */; };
		F00000000000000000BB0008 /* BudgetCoordinator.swift in Sources */ = {isa = PBXBuildFile; fileRef = F00000000000000000AA0008 /* BudgetCoordinator.swift */; };
		F00000000000000000BB0009 /* BudgetCoordinatorView.swift in Sources */ = {isa = PBXBuildFile; fileRef = F00000000000000000AA0009 /* BudgetCoordinatorView.swift */; };
		F00000000000000000BB000B /* InvestmentsCoordinator.swift in Sources */ = {isa = PBXBuildFile; fileRef = F00000000000000000AA000B /* InvestmentsCoordinator.swift */; };
		F00000000000000000BB000C /* InvestmentsCoordinatorView.swift in Sources */ = {isa = PBXBuildFile; fileRef = F00000000000000000AA000C /* InvestmentsCoordinatorView.swift */; };
		F00000000000000000BB000E /* ForecastCoordinator.swift in Sources */ = {isa = PBXBuildFile; fileRef = F00000000000000000AA000E /* ForecastCoordinator.swift */; };
		F00000000000000000BB000F /* ForecastCoordinatorView.swift in Sources */ = {isa = PBXBuildFile; fileRef = F00000000000000000AA000F /* ForecastCoordinatorView.swift */; };
/* End PBXBuildFile section */

/* Begin PBXContainerItemProxy section */
		821FDB054C05366FA8276948 /* PBXContainerItemProxy */ = {
			isa = PBXContainerItemProxy;
			containerPortal = A0BE772E36E1C0A078E0D858 /* Project object */;
			proxyType = 1;
			remoteGlobalIDString = 739113ECCD4254630E13FB90;
			remoteInfo = FinScope;
		};
		B2DA77F7069416A05C8148AC /* PBXContainerItemProxy */ = {
			isa = PBXContainerItemProxy;
			containerPortal = A0BE772E36E1C0A078E0D858 /* Project object */;
			proxyType = 1;
			remoteGlobalIDString = 739113ECCD4254630E13FB90;
			remoteInfo = FinScope;
		};
/* End PBXContainerItemProxy section */

/* Begin PBXFileReference section */
		2D1A7D646616E50078F042A1 /* FinScopeUITestsLaunchTests.swift */ = {isa = PBXFileReference; lastKnownFileType = sourcecode.swift; path = FinScopeUITestsLaunchTests.swift; sourceTree = "<group>"; };
		2F88FD64600D4498217DCDD9 /* Preview Content */ = {isa = PBXFileReference; lastKnownFileType = folder; path = "Preview Content"; sourceTree = "<group>"; };
		4069ACC4B1B0DD54C9682123 /* Assets.xcassets */ = {isa = PBXFileReference; lastKnownFileType = folder.assetcatalog; path = Assets.xcassets; sourceTree = "<group>"; };
		5183450ADA4538DED72B8404 /* FinScopeApp.swift */ = {isa = PBXFileReference; lastKnownFileType = sourcecode.swift; path = FinScopeApp.swift; sourceTree = "<group>"; };
		58BD64C992BBA90F23B438AF /* FinScope.app */ = {isa = PBXFileReference; explicitFileType = wrapper.application; includeInIndex = 0; path = FinScope.app; sourceTree = BUILT_PRODUCTS_DIR; };
		5AB154A52F3E807500412C7D /* AppCoordinator.swift */ = {isa = PBXFileReference; lastKnownFileType = sourcecode.swift; path = AppCoordinator.swift; sourceTree = "<group>"; };
		5AB154A62F3E807500412C7D /* AppCoordinatorView.swift */ = {isa = PBXFileReference; lastKnownFileType = sourcecode.swift; path = AppCoordinatorView.swift; sourceTree = "<group>"; };
		5AB154A82F3E807500412C7D /* ContentCoordinator.swift */ = {isa = PBXFileReference; lastKnownFileType = sourcecode.swift; path = ContentCoordinator.swift; sourceTree = "<group>"; };
		5AB154A92F3E807500412C7D /* ContentCoordinatorView.swift */ = {isa = PBXFileReference; lastKnownFileType = sourcecode.swift; path = ContentCoordinatorView.swift; sourceTree = "<group>"; };
		5AB154CD2F3E80CC00412C7D /* AppState.swift */ = {isa = PBXFileReference; lastKnownFileType = sourcecode.swift; path = AppState.swift; sourceTree = "<group>"; };
		770605DC19F580A29CA277AF /* FinScopeTests.xctest */ = {isa = PBXFileReference; explicitFileType = wrapper.cfbundle; includeInIndex = 0; path = FinScopeTests.xctest; sourceTree = BUILT_PRODUCTS_DIR; };
		777FCDC88C8250551FC8552A /* FinScopeUITests.xctest */ = {isa = PBXFileReference; explicitFileType = wrapper.cfbundle; includeInIndex = 0; path = FinScopeUITests.xctest; sourceTree = BUILT_PRODUCTS_DIR; };
		9A156935D480CB151D934E7A /* FinScopeUITests.swift */ = {isa = PBXFileReference; lastKnownFileType = sourcecode.swift; path = FinScopeUITests.swift; sourceTree = "<group>"; };
		DB75E3F53CBA8D035EC5C697 /* FinScopeTests.swift */ = {isa = PBXFileReference; lastKnownFileType = sourcecode.swift; path = FinScopeTests.swift; sourceTree = "<group>"; };
		F00000000000000000AA0001 /* Coordinator.swift */ = {isa = PBXFileReference; lastKnownFileType = sourcecode.swift; path = Coordinator.swift; sourceTree = "<group>"; };
		F00000000000000000AA0002 /* DashboardCoordinator.swift */ = {isa = PBXFileReference; lastKnownFileType = sourcecode.swift; path = DashboardCoordinator.swift; sourceTree = "<group>"; };
		F00000000000000000AA0003 /* DashboardCoordinatorView.swift */ = {isa = PBXFileReference; lastKnownFileType = sourcecode.swift; path = DashboardCoordinatorView.swift; sourceTree = "<group>"; };
		F00000000000000000AA0004 /* NavigationDestination.swift */ = {isa = PBXFileReference; lastKnownFileType = sourcecode.swift; path = NavigationDestination.swift; sourceTree = "<group>"; };
		F00000000000000000AA0005 /* AccountsCoordinator.swift */ = {isa = PBXFileReference; lastKnownFileType = sourcecode.swift; path = AccountsCoordinator.swift; sourceTree = "<group>"; };
		F00000000000000000AA0006 /* AccountsCoordinatorView.swift */ = {isa = PBXFileReference; lastKnownFileType = sourcecode.swift; path = AccountsCoordinatorView.swift; sourceTree = "<group>"; };
		F00000000000000000AA0008 /* BudgetCoordinator.swift */ = {isa = PBXFileReference; lastKnownFileType = sourcecode.swift; path = BudgetCoordinator.swift; sourceTree = "<group>"; };
		F00000000000000000AA0009 /* BudgetCoordinatorView.swift */ = {isa = PBXFileReference; lastKnownFileType = sourcecode.swift; path = BudgetCoordinatorView.swift; sourceTree = "<group>"; };
		F00000000000000000AA000B /* InvestmentsCoordinator.swift */ = {isa = PBXFileReference; lastKnownFileType = sourcecode.swift; path = InvestmentsCoordinator.swift; sourceTree = "<group>"; };
		F00000000000000000AA000C /* InvestmentsCoordinatorView.swift */ = {isa = PBXFileReference; lastKnownFileType = sourcecode.swift; path = InvestmentsCoordinatorView.swift; sourceTree = "<group>"; };
		F00000000000000000AA000E /* ForecastCoordinator.swift */ = {isa = PBXFileReference; lastKnownFileType = sourcecode.swift; path = ForecastCoordinator.swift; sourceTree = "<group>"; };
		F00000000000000000AA000F /* ForecastCoordinatorView.swift */ = {isa = PBXFileReference; lastKnownFileType = sourcecode.swift; path = ForecastCoordinatorView.swift; sourceTree = "<group>"; };
/* End PBXFileReference section */

/* Begin PBXFrameworksBuildPhase section */
		4C419680FF4AC929AC2D16B8 /* Frameworks */ = {
			isa = PBXFrameworksBuildPhase;
			buildActionMask = 2147483647;
			files = (
			);
			runOnlyForDeploymentPostprocessing = 0;
		};
		A66CB340AB5F16180BA6A262 /* Frameworks */ = {
			isa = PBXFrameworksBuildPhase;
			buildActionMask = 2147483647;
			files = (
			);
			runOnlyForDeploymentPostprocessing = 0;
		};
		C5A3B54724822AD596321DD8 /* Frameworks */ = {
			isa = PBXFrameworksBuildPhase;
			buildActionMask = 2147483647;
			files = (
			);
			runOnlyForDeploymentPostprocessing = 0;
		};
/* End PBXFrameworksBuildPhase section */

/* Begin PBXGroup section */
		1190A5D32F01D0D71382B7C3 /* Products */ = {
			isa = PBXGroup;
			children = (
				58BD64C992BBA90F23B438AF /* FinScope.app */,
				770605DC19F580A29CA277AF /* FinScopeTests.xctest */,
				777FCDC88C8250551FC8552A /* FinScopeUITests.xctest */,
			);
			name = Products;
			sourceTree = "<group>";
		};
		20E11C6D597F142617B59B03 /* FinScopeUITests */ = {
			isa = PBXGroup;
			children = (
				9A156935D480CB151D934E7A /* FinScopeUITests.swift */,
				2D1A7D646616E50078F042A1 /* FinScopeUITestsLaunchTests.swift */,
			);
			path = FinScopeUITests;
			sourceTree = "<group>";
		};
		5AB154A72F3E807500412C7D /* AppCoordinator */ = {
			isa = PBXGroup;
			children = (
				5AB154A52F3E807500412C7D /* AppCoordinator.swift */,
				5AB154A62F3E807500412C7D /* AppCoordinatorView.swift */,
			);
			path = AppCoordinator;
			sourceTree = "<group>";
		};
		5AB154AA2F3E807500412C7D /* ContentCoordinator */ = {
			isa = PBXGroup;
			children = (
				5AB154A82F3E807500412C7D /* ContentCoordinator.swift */,
				5AB154A92F3E807500412C7D /* ContentCoordinatorView.swift */,
			);
			path = ContentCoordinator;
			sourceTree = "<group>";
		};
		5AB154BB2F3E807500412C7D /* Coordinators */ = {
			isa = PBXGroup;
			children = (
				F00000000000000000AA0001 /* Coordinator.swift */,
				F00000000000000000AA0004 /* NavigationDestination.swift */,
				5AB154A72F3E807500412C7D /* AppCoordinator */,
				5AB154AA2F3E807500412C7D /* ContentCoordinator */,
				F00000000000000000CC0001 /* DashboardCoordinator */,
				F00000000000000000CC0002 /* AccountsCoordinator */,
				F00000000000000000CC0003 /* BudgetCoordinator */,
				F00000000000000000CC0004 /* InvestmentsCoordinator */,
				F00000000000000000CC0005 /* ForecastCoordinator */,
			);
			path = Coordinators;
			sourceTree = "<group>";
		};
		5AB154BC2F3E807500412C7D /* UI */ = {
			isa = PBXGroup;
			children = (
				5AB154BB2F3E807500412C7D /* Coordinators */,
			);
			path = UI;
			sourceTree = "<group>";
		};
		5AB154CE2F3E80CC00412C7D /* AppState */ = {
			isa = PBXGroup;
			children = (
				5AB154CD2F3E80CC00412C7D /* AppState.swift */,
			);
			path = AppState;
			sourceTree = "<group>";
		};
		70F52695820CC9C47E6A4847 = {
			isa = PBXGroup;
			children = (
				F7F7D71687B0F42EAC981B68 /* FinScope */,
				CA57627EE1C2E2806E4A7100 /* FinScopeTests */,
				20E11C6D597F142617B59B03 /* FinScopeUITests */,
				1190A5D32F01D0D71382B7C3 /* Products */,
			);
			sourceTree = "<group>";
		};
		CA57627EE1C2E2806E4A7100 /* FinScopeTests */ = {
			isa = PBXGroup;
			children = (
				DB75E3F53CBA8D035EC5C697 /* FinScopeTests.swift */,
			);
			path = FinScopeTests;
			sourceTree = "<group>";
		};
		F00000000000000000CC0001 /* DashboardCoordinator */ = {
			isa = PBXGroup;
			children = (
				F00000000000000000AA0002 /* DashboardCoordinator.swift */,
				F00000000000000000AA0003 /* DashboardCoordinatorView.swift */,
			);
			path = DashboardCoordinator;
			sourceTree = "<group>";
		};
		F00000000000000000CC0002 /* AccountsCoordinator */ = {
			isa = PBXGroup;
			children = (
				F00000000000000000AA0005 /* AccountsCoordinator.swift */,
				F00000000000000000AA0006 /* AccountsCoordinatorView.swift */,
			);
			path = AccountsCoordinator;
			sourceTree = "<group>";
		};
		F00000000000000000CC0003 /* BudgetCoordinator */ = {
			isa = PBXGroup;
			children = (
				F00000000000000000AA0008 /* BudgetCoordinator.swift */,
				F00000000000000000AA0009 /* BudgetCoordinatorView.swift */,
			);
			path = BudgetCoordinator;
			sourceTree = "<group>";
		};
		F00000000000000000CC0004 /* InvestmentsCoordinator */ = {
			isa = PBXGroup;
			children = (
				F00000000000000000AA000B /* InvestmentsCoordinator.swift */,
				F00000000000000000AA000C /* InvestmentsCoordinatorView.swift */,
			);
			path = InvestmentsCoordinator;
			sourceTree = "<group>";
		};
		F00000000000000000CC0005 /* ForecastCoordinator */ = {
			isa = PBXGroup;
			children = (
				F00000000000000000AA000E /* ForecastCoordinator.swift */,
				F00000000000000000AA000F /* ForecastCoordinatorView.swift */,
			);
			path = ForecastCoordinator;
			sourceTree = "<group>";
		};
		F7F7D71687B0F42EAC981B68 /* FinScope */ = {
			isa = PBXGroup;
			children = (
				5183450ADA4538DED72B8404 /* FinScopeApp.swift */,
				4069ACC4B1B0DD54C9682123 /* Assets.xcassets */,
				2F88FD64600D4498217DCDD9 /* Preview Content */,
				5AB154CE2F3E80CC00412C7D /* AppState */,
				5AB154BC2F3E807500412C7D /* UI */,
			);
			path = FinScope;
			sourceTree = "<group>";
		};
/* End PBXGroup section */

/* Begin PBXNativeTarget section */
		739113ECCD4254630E13FB90 /* FinScope */ = {
			isa = PBXNativeTarget;
			buildConfigurationList = 0B5DD9389466C28E24B64B27 /* Build configuration list for PBXNativeTarget "FinScope" */;
			buildPhases = (
				C4457B71C4481C3983EC1341 /* Sources */,
				A66CB340AB5F16180BA6A262 /* Frameworks */,
				90EC7BFE91F03E4CDE8B48E8 /* Resources */,
			);
			buildRules = (
			);
			dependencies = (
			);
			name = FinScope;
			productName = FinScope;
			productReference = 58BD64C992BBA90F23B438AF /* FinScope.app */;
			productType = "com.apple.product-type.application";
		};
		B0FD6A2F530B022C90307A57 /* FinScopeUITests */ = {
			isa = PBXNativeTarget;
			buildConfigurationList = B2D5E41CDF9646DCFA92B2A4 /* Build configuration list for PBXNativeTarget "FinScopeUITests" */;
			buildPhases = (
				AA417D91E92125B97F49613B /* Sources */,
				C5A3B54724822AD596321DD8 /* Frameworks */,
				6CCB99BD0E302CA8B87B88C3 /* Resources */,
			);
			buildRules = (
			);
			dependencies = (
				F65FB43DCD3FC49EDAF75AA0 /* PBXTargetDependency */,
			);
			name = FinScopeUITests;
			productName = FinScopeUITests;
			productReference = 777FCDC88C8250551FC8552A /* FinScopeUITests.xctest */;
			productType = "com.apple.product-type.bundle.ui-testing";
		};
		F66167C84CE276C72F1073D1 /* FinScopeTests */ = {
			isa = PBXNativeTarget;
			buildConfigurationList = C4E6E1D1F9C4FCE7D0017BE4 /* Build configuration list for PBXNativeTarget "FinScopeTests" */;
			buildPhases = (
				B56536A72A869C23583E39E4 /* Sources */,
				4C419680FF4AC929AC2D16B8 /* Frameworks */,
				907538ED3503A45C9051C521 /* Resources */,
			);
			buildRules = (
			);
			dependencies = (
				2D101988F02E24D5B2BF2DD6 /* PBXTargetDependency */,
			);
			name = FinScopeTests;
			productName = FinScopeTests;
			productReference = 770605DC19F580A29CA277AF /* FinScopeTests.xctest */;
			productType = "com.apple.product-type.bundle.unit-test";
		};
/* End PBXNativeTarget section */

/* Begin PBXProject section */
		A0BE772E36E1C0A078E0D858 /* Project object */ = {
			isa = PBXProject;
			attributes = {
				BuildIndependentTargetsInParallel = 1;
				LastSwiftUpdateCheck = 1600;
				LastUpgradeCheck = 1600;
				TargetAttributes = {
					739113ECCD4254630E13FB90 = {
						CreatedOnToolsVersion = 16.0;
					};
					B0FD6A2F530B022C90307A57 = {
						CreatedOnToolsVersion = 16.0;
						TestTargetID = 739113ECCD4254630E13FB90;
					};
					F66167C84CE276C72F1073D1 = {
						CreatedOnToolsVersion = 16.0;
						TestTargetID = 739113ECCD4254630E13FB90;
					};
				};
			};
			buildConfigurationList = A15C1660503C9D18B9702A73 /* Build configuration list for PBXProject "FinScope" */;
			compatibilityVersion = "Xcode 15.0";
			developmentRegion = en;
			hasScannedForEncodings = 0;
			knownRegions = (
				en,
				Base,
			);
			mainGroup = 70F52695820CC9C47E6A4847;
			productRefGroup = 1190A5D32F01D0D71382B7C3 /* Products */;
			projectDirPath = "";
			projectRoot = "";
			targets = (
				739113ECCD4254630E13FB90 /* FinScope */,
				F66167C84CE276C72F1073D1 /* FinScopeTests */,
				B0FD6A2F530B022C90307A57 /* FinScopeUITests */,
			);
		};
/* End PBXProject section */

/* Begin PBXResourcesBuildPhase section */
		6CCB99BD0E302CA8B87B88C3 /* Resources */ = {
			isa = PBXResourcesBuildPhase;
			buildActionMask = 2147483647;
			files = (
			);
			runOnlyForDeploymentPostprocessing = 0;
		};
		907538ED3503A45C9051C521 /* Resources */ = {
			isa = PBXResourcesBuildPhase;
			buildActionMask = 2147483647;
			files = (
			);
			runOnlyForDeploymentPostprocessing = 0;
		};
		90EC7BFE91F03E4CDE8B48E8 /* Resources */ = {
			isa = PBXResourcesBuildPhase;
			buildActionMask = 2147483647;
			files = (
				D3D0FCF12D178AF59793148F /* Assets.xcassets in Resources */,
				8B9999B1C8B047511F1998E8 /* Preview Content in Resources */,
			);
			runOnlyForDeploymentPostprocessing = 0;
		};
/* End PBXResourcesBuildPhase section */

/* Begin PBXSourcesBuildPhase section */
		AA417D91E92125B97F49613B /* Sources */ = {
			isa = PBXSourcesBuildPhase;
			buildActionMask = 2147483647;
			files = (
				C9ACD8A46690C2A85410AA1C /* FinScopeUITests.swift in Sources */,
				0304BCB02B2CB0568B7047E9 /* FinScopeUITestsLaunchTests.swift in Sources */,
			);
			runOnlyForDeploymentPostprocessing = 0;
		};
		B56536A72A869C23583E39E4 /* Sources */ = {
			isa = PBXSourcesBuildPhase;
			buildActionMask = 2147483647;
			files = (
				ED71D6C7DEDA9961826CA09F /* FinScopeTests.swift in Sources */,
			);
			runOnlyForDeploymentPostprocessing = 0;
		};
		C4457B71C4481C3983EC1341 /* Sources */ = {
			isa = PBXSourcesBuildPhase;
			buildActionMask = 2147483647;
			files = (
				1003CB33AF057FFF8B6F4F67 /* FinScopeApp.swift in Sources */,
				5AB154CF2F3E80CC00412C7D /* AppState.swift in Sources */,
				F00000000000000000BB0001 /* Coordinator.swift in Sources */,
				5AB154CB2F3E807500412C7D /* AppCoordinator.swift in Sources */,
				5AB154CC2F3E807500412C7D /* AppCoordinatorView.swift in Sources */,
				5AB154CA2F3E807500412C7D /* ContentCoordinator.swift in Sources */,
				5AB154C52F3E807500412C7D /* ContentCoordinatorView.swift in Sources */,
				F00000000000000000BB0002 /* DashboardCoordinator.swift in Sources */,
				F00000000000000000BB0003 /* DashboardCoordinatorView.swift in Sources */,
				F00000000000000000BB0004 /* NavigationDestination.swift in Sources */,
				F00000000000000000BB0005 /* AccountsCoordinator.swift in Sources */,
				F00000000000000000BB0006 /* AccountsCoordinatorView.swift in Sources */,
				F00000000000000000BB0008 /* BudgetCoordinator.swift in Sources */,
				F00000000000000000BB0009 /* BudgetCoordinatorView.swift in Sources */,
				F00000000000000000BB000B /* InvestmentsCoordinator.swift in Sources */,
				F00000000000000000BB000C /* InvestmentsCoordinatorView.swift in Sources */,
				F00000000000000000BB000E /* ForecastCoordinator.swift in Sources */,
				F00000000000000000BB000F /* ForecastCoordinatorView.swift in Sources */,
			);
			runOnlyForDeploymentPostprocessing = 0;
		};
/* End PBXSourcesBuildPhase section */

/* Begin PBXTargetDependency section */
		2D101988F02E24D5B2BF2DD6 /* PBXTargetDependency */ = {
			isa = PBXTargetDependency;
			target = 739113ECCD4254630E13FB90 /* FinScope */;
			targetProxy = 821FDB054C05366FA8276948 /* PBXContainerItemProxy */;
		};
		F65FB43DCD3FC49EDAF75AA0 /* PBXTargetDependency */ = {
			isa = PBXTargetDependency;
			target = 739113ECCD4254630E13FB90 /* FinScope */;
			targetProxy = B2DA77F7069416A05C8148AC /* PBXContainerItemProxy */;
		};
/* End PBXTargetDependency section */

/* Begin XCBuildConfiguration section */
		23B03F0C6D368AE79A98904E /* Release */ = {
			isa = XCBuildConfiguration;
			buildSettings = {
				BUNDLE_LOADER = "$(TEST_HOST)";
				CODE_SIGN_STYLE = Automatic;
				CURRENT_PROJECT_VERSION = 1;
				DEVELOPMENT_TEAM = "";
				GENERATE_INFOPLIST_FILE = YES;
				IPHONEOS_DEPLOYMENT_TARGET = 26.0;
				MARKETING_VERSION = 1.0;
				PRODUCT_BUNDLE_IDENTIFIER = com.finscope.FinScopeTests;
				PRODUCT_NAME = "$(TARGET_NAME)";
				SWIFT_EMIT_LOC_STRINGS = NO;
				SWIFT_VERSION = 6.0;
				TARGETED_DEVICE_FAMILY = "1,2";
				TEST_HOST = "$(BUILT_PRODUCTS_DIR)/FinScope.app/$(BUNDLE_EXECUTABLE_FOLDER_PATH)/FinScope";
			};
			name = Release;
		};
		5BD3D4356A7DD6A28D5E4680 /* Debug */ = {
			isa = XCBuildConfiguration;
			buildSettings = {
				ASSETCATALOG_COMPILER_APPICON_NAME = AppIcon;
				ASSETCATALOG_COMPILER_GLOBAL_ACCENT_COLOR_NAME = AccentColor;
				CODE_SIGN_STYLE = Automatic;
				CURRENT_PROJECT_VERSION = 1;
				DEVELOPMENT_ASSET_PATHS = "FinScope/Preview\\ Content";
				DEVELOPMENT_TEAM = 5KX6A2Y8SP;
				GENERATE_INFOPLIST_FILE = YES;
				INFOPLIST_KEY_UIApplicationSceneManifest_Generation = YES;
				INFOPLIST_KEY_UIApplicationSupportsIndirectInputEvents = YES;
				INFOPLIST_KEY_UILaunchScreen_Generation = YES;
				INFOPLIST_KEY_UISupportedInterfaceOrientations_iPad = "UIInterfaceOrientationPortrait UIInterfaceOrientationPortraitUpsideDown UIInterfaceOrientationLandscapeLeft UIInterfaceOrientationLandscapeRight";
				INFOPLIST_KEY_UISupportedInterfaceOrientations_iPhone = "UIInterfaceOrientationPortrait UIInterfaceOrientationLandscapeLeft UIInterfaceOrientationLandscapeRight";
				IPHONEOS_DEPLOYMENT_TARGET = 26.0;
				LD_RUNPATH_SEARCH_PATHS = (
					"$(inherited)",
					"@executable_path/Frameworks",
				);
				MARKETING_VERSION = 1.0;
				PRODUCT_BUNDLE_IDENTIFIER = com.finscope.FinScope;
				PRODUCT_NAME = "$(TARGET_NAME)";
				SWIFT_EMIT_LOC_STRINGS = YES;
				SWIFT_VERSION = 6.0;
				TARGETED_DEVICE_FAMILY = "1,2";
			};
			name = Debug;
		};
		78F151F852A7CFDDBFDDA6F4 /* Debug */ = {
			isa = XCBuildConfiguration;
			buildSettings = {
				BUNDLE_LOADER = "$(TEST_HOST)";
				CODE_SIGN_STYLE = Automatic;
				CURRENT_PROJECT_VERSION = 1;
				DEVELOPMENT_TEAM = "";
				GENERATE_INFOPLIST_FILE = YES;
				IPHONEOS_DEPLOYMENT_TARGET = 26.0;
				MARKETING_VERSION = 1.0;
				PRODUCT_BUNDLE_IDENTIFIER = com.finscope.FinScopeTests;
				PRODUCT_NAME = "$(TARGET_NAME)";
				SWIFT_EMIT_LOC_STRINGS = NO;
				SWIFT_VERSION = 6.0;
				TARGETED_DEVICE_FAMILY = "1,2";
				TEST_HOST = "$(BUILT_PRODUCTS_DIR)/FinScope.app/$(BUNDLE_EXECUTABLE_FOLDER_PATH)/FinScope";
			};
			name = Debug;
		};
		846D5158B13C50F511A08749 /* Debug */ = {
			isa = XCBuildConfiguration;
			buildSettings = {
				CODE_SIGN_STYLE = Automatic;
				CURRENT_PROJECT_VERSION = 1;
				DEVELOPMENT_TEAM = "";
				GENERATE_INFOPLIST_FILE = YES;
				IPHONEOS_DEPLOYMENT_TARGET = 26.0;
				MARKETING_VERSION = 1.0;
				PRODUCT_BUNDLE_IDENTIFIER = com.finscope.FinScopeUITests;
				PRODUCT_NAME = "$(TARGET_NAME)";
				SWIFT_EMIT_LOC_STRINGS = NO;
				SWIFT_VERSION = 6.0;
				TARGETED_DEVICE_FAMILY = "1,2";
				TEST_TARGET_NAME = FinScope;
			};
			name = Debug;
		};
		9559F83DA21112F5262EA6F5 /* Release */ = {
			isa = XCBuildConfiguration;
			buildSettings = {
				CODE_SIGN_STYLE = Automatic;
				CURRENT_PROJECT_VERSION = 1;
				DEVELOPMENT_TEAM = "";
				GENERATE_INFOPLIST_FILE = YES;
				IPHONEOS_DEPLOYMENT_TARGET = 26.0;
				MARKETING_VERSION = 1.0;
				PRODUCT_BUNDLE_IDENTIFIER = com.finscope.FinScopeUITests;
				PRODUCT_NAME = "$(TARGET_NAME)";
				SWIFT_EMIT_LOC_STRINGS = NO;
				SWIFT_VERSION = 6.0;
				TARGETED_DEVICE_FAMILY = "1,2";
				TEST_TARGET_NAME = FinScope;
			};
			name = Release;
		};
		A19B689464E9348774B0702D /* Debug */ = {
			isa = XCBuildConfiguration;
			buildSettings = {
				ALWAYS_SEARCH_USER_PATHS = NO;
				CLANG_ANALYZER_NONNULL = YES;
				CLANG_ANALYZER_NUMBER_OBJECT_CONVERSION = YES_AGGRESSIVE;
				CLANG_CXX_LANGUAGE_STANDARD = "gnu++20";
				CLANG_ENABLE_MODULES = YES;
				CLANG_ENABLE_OBJC_ARC = YES;
				CLANG_ENABLE_OBJC_WEAK = YES;
				CLANG_WARN_BLOCK_CAPTURE_AUTORELEASING = YES;
				CLANG_WARN_BOOL_CONVERSION = YES;
				CLANG_WARN_COMMA = YES;
				CLANG_WARN_CONSTANT_CONVERSION = YES;
				CLANG_WARN_DEPRECATED_OBJC_IMPLEMENTATIONS = YES;
				CLANG_WARN_DIRECT_OBJC_ISA_USAGE = YES_ERROR;
				CLANG_WARN_DOCUMENTATION_COMMENTS = YES;
				CLANG_WARN_EMPTY_BODY = YES;
				CLANG_WARN_ENUM_CONVERSION = YES;
				CLANG_WARN_INFINITE_RECURSION = YES;
				CLANG_WARN_INT_CONVERSION = YES;
				CLANG_WARN_NON_LITERAL_NULL_CONVERSION = YES;
				CLANG_WARN_OBJC_IMPLICIT_RETAIN_SELF = YES;
				CLANG_WARN_OBJC_LITERAL_CONVERSION = YES;
				CLANG_WARN_OBJC_ROOT_CLASS = YES_ERROR;
				CLANG_WARN_QUOTED_INCLUDE_IN_FRAMEWORK_HEADER = YES;
				CLANG_WARN_RANGE_LOOP_ANALYSIS = YES;
				CLANG_WARN_STRICT_PROTOTYPES = YES;
				CLANG_WARN_SUSPICIOUS_MOVE = YES;
				CLANG_WARN_UNGUARDED_AVAILABILITY = YES_AGGRESSIVE;
				CLANG_WARN_UNREACHABLE_CODE = YES;
				CLANG_WARN__DUPLICATE_METHOD_MATCH = YES;
				COPY_PHASE_STRIP = NO;
				DEBUG_INFORMATION_FORMAT = dwarf;
				ENABLE_STRICT_OBJC_MSGSEND = YES;
				ENABLE_TESTABILITY = YES;
				ENABLE_USER_SCRIPT_SANDBOXING = YES;
				GCC_C_LANGUAGE_STANDARD = gnu17;
				GCC_DYNAMIC_NO_PIC = NO;
				GCC_NO_COMMON_BLOCKS = YES;
				GCC_OPTIMIZATION_LEVEL = 0;
				GCC_PREPROCESSOR_DEFINITIONS = (
					"DEBUG=1",
					"$(inherited)",
				);
				GCC_WARN_64_TO_32_BIT_CONVERSION = YES;
				GCC_WARN_ABOUT_RETURN_TYPE = YES_ERROR;
				GCC_WARN_UNDECLARED_SELECTOR = YES;
				GCC_WARN_UNINITIALIZED_AUTOS = YES_AGGRESSIVE;
				GCC_WARN_UNUSED_FUNCTION = YES;
				GCC_WARN_UNUSED_VARIABLE = YES;
				IPHONEOS_DEPLOYMENT_TARGET = 26.0;
				LOCALIZATION_PREFERS_STRING_CATALOGS = YES;
				MTL_ENABLE_DEBUG_INFO = INCLUDE_SOURCE;
				MTL_FAST_MATH = YES;
				ONLY_ACTIVE_ARCH = YES;
				SDKROOT = iphoneos;
				SWIFT_ACTIVE_COMPILATION_CONDITIONS = "DEBUG $(inherited)";
				SWIFT_OPTIMIZATION_LEVEL = "-Onone";
			};
			name = Debug;
		};
		B61A48402C80FF7253978AA8 /* Release */ = {
			isa = XCBuildConfiguration;
			buildSettings = {
				ASSETCATALOG_COMPILER_APPICON_NAME = AppIcon;
				ASSETCATALOG_COMPILER_GLOBAL_ACCENT_COLOR_NAME = AccentColor;
				CODE_SIGN_STYLE = Automatic;
				CURRENT_PROJECT_VERSION = 1;
				DEVELOPMENT_ASSET_PATHS = "FinScope/Preview\\ Content";
				DEVELOPMENT_TEAM = 5KX6A2Y8SP;
				GENERATE_INFOPLIST_FILE = YES;
				INFOPLIST_KEY_UIApplicationSceneManifest_Generation = YES;
				INFOPLIST_KEY_UIApplicationSupportsIndirectInputEvents = YES;
				INFOPLIST_KEY_UILaunchScreen_Generation = YES;
				INFOPLIST_KEY_UISupportedInterfaceOrientations_iPad = "UIInterfaceOrientationPortrait UIInterfaceOrientationPortraitUpsideDown UIInterfaceOrientationLandscapeLeft UIInterfaceOrientationLandscapeRight";
				INFOPLIST_KEY_UISupportedInterfaceOrientations_iPhone = "UIInterfaceOrientationPortrait UIInterfaceOrientationLandscapeLeft UIInterfaceOrientationLandscapeRight";
				IPHONEOS_DEPLOYMENT_TARGET = 26.0;
				LD_RUNPATH_SEARCH_PATHS = (
					"$(inherited)",
					"@executable_path/Frameworks",
				);
				MARKETING_VERSION = 1.0;
				PRODUCT_BUNDLE_IDENTIFIER = com.finscope.FinScope;
				PRODUCT_NAME = "$(TARGET_NAME)";
				SWIFT_EMIT_LOC_STRINGS = YES;
				SWIFT_VERSION = 6.0;
				TARGETED_DEVICE_FAMILY = "1,2";
			};
			name = Release;
		};
		CD347610527B3B873CCF2824 /* Release */ = {
			isa = XCBuildConfiguration;
			buildSettings = {
				ALWAYS_SEARCH_USER_PATHS = NO;
				CLANG_ANALYZER_NONNULL = YES;
				CLANG_ANALYZER_NUMBER_OBJECT_CONVERSION = YES_AGGRESSIVE;
				CLANG_CXX_LANGUAGE_STANDARD = "gnu++20";
				CLANG_ENABLE_MODULES = YES;
				CLANG_ENABLE_OBJC_ARC = YES;
				CLANG_ENABLE_OBJC_WEAK = YES;
				CLANG_WARN_BLOCK_CAPTURE_AUTORELEASING = YES;
				CLANG_WARN_BOOL_CONVERSION = YES;
				CLANG_WARN_COMMA = YES;
				CLANG_WARN_CONSTANT_CONVERSION = YES;
				CLANG_WARN_DEPRECATED_OBJC_IMPLEMENTATIONS = YES;
				CLANG_WARN_DIRECT_OBJC_ISA_USAGE = YES_ERROR;
				CLANG_WARN_DOCUMENTATION_COMMENTS = YES;
				CLANG_WARN_EMPTY_BODY = YES;
				CLANG_WARN_ENUM_CONVERSION = YES;
				CLANG_WARN_INFINITE_RECURSION = YES;
				CLANG_WARN_INT_CONVERSION = YES;
				CLANG_WARN_NON_LITERAL_NULL_CONVERSION = YES;
				CLANG_WARN_OBJC_IMPLICIT_RETAIN_SELF = YES;
				CLANG_WARN_OBJC_LITERAL_CONVERSION = YES;
				CLANG_WARN_OBJC_ROOT_CLASS = YES_ERROR;
				CLANG_WARN_QUOTED_INCLUDE_IN_FRAMEWORK_HEADER = YES;
				CLANG_WARN_RANGE_LOOP_ANALYSIS = YES;
				CLANG_WARN_STRICT_PROTOTYPES = YES;
				CLANG_WARN_SUSPICIOUS_MOVE = YES;
				CLANG_WARN_UNGUARDED_AVAILABILITY = YES_AGGRESSIVE;
				CLANG_WARN_UNREACHABLE_CODE = YES;
				CLANG_WARN__DUPLICATE_METHOD_MATCH = YES;
				COPY_PHASE_STRIP = NO;
				DEBUG_INFORMATION_FORMAT = "dwarf-with-dsym";
				ENABLE_NS_ASSERTIONS = NO;
				ENABLE_STRICT_OBJC_MSGSEND = YES;
				ENABLE_USER_SCRIPT_SANDBOXING = YES;
				GCC_C_LANGUAGE_STANDARD = gnu17;
				GCC_NO_COMMON_BLOCKS = YES;
				GCC_WARN_64_TO_32_BIT_CONVERSION = YES;
				GCC_WARN_ABOUT_RETURN_TYPE = YES_ERROR;
				GCC_WARN_UNDECLARED_SELECTOR = YES;
				GCC_WARN_UNINITIALIZED_AUTOS = YES_AGGRESSIVE;
				GCC_WARN_UNUSED_FUNCTION = YES;
				GCC_WARN_UNUSED_VARIABLE = YES;
				IPHONEOS_DEPLOYMENT_TARGET = 26.0;
				LOCALIZATION_PREFERS_STRING_CATALOGS = YES;
				MTL_ENABLE_DEBUG_INFO = NO;
				MTL_FAST_MATH = YES;
				SDKROOT = iphoneos;
				SWIFT_COMPILATION_MODE = wholemodule;
				VALIDATE_PRODUCT = YES;
			};
			name = Release;
		};
/* End XCBuildConfiguration section */

/* Begin XCConfigurationList section */
		0B5DD9389466C28E24B64B27 /* Build configuration list for PBXNativeTarget "FinScope" */ = {
			isa = XCConfigurationList;
			buildConfigurations = (
				5BD3D4356A7DD6A28D5E4680 /* Debug */,
				B61A48402C80FF7253978AA8 /* Release */,
			);
			defaultConfigurationIsVisible = 0;
			defaultConfigurationName = Release;
		};
		A15C1660503C9D18B9702A73 /* Build configuration list for PBXProject "FinScope" */ = {
			isa = XCConfigurationList;
			buildConfigurations = (
				A19B689464E9348774B0702D /* Debug */,
				CD347610527B3B873CCF2824 /* Release */,
			);
			defaultConfigurationIsVisible = 0;
			defaultConfigurationName = Release;
		};
		B2D5E41CDF9646DCFA92B2A4 /* Build configuration list for PBXNativeTarget "FinScopeUITests" */ = {
			isa = XCConfigurationList;
			buildConfigurations = (
				846D5158B13C50F511A08749 /* Debug */,
				9559F83DA21112F5262EA6F5 /* Release */,
			);
			defaultConfigurationIsVisible = 0;
			defaultConfigurationName = Release;
		};
		C4E6E1D1F9C4FCE7D0017BE4 /* Build configuration list for PBXNativeTarget "FinScopeTests" */ = {
			isa = XCConfigurationList;
			buildConfigurations = (
				78F151F852A7CFDDBFDDA6F4 /* Debug */,
				23B03F0C6D368AE79A98904E /* Release */,
			);
			defaultConfigurationIsVisible = 0;
			defaultConfigurationName = Release;
		};
/* End XCConfigurationList section */
	};
	rootObject = A0BE772E36E1C0A078E0D858 /* Project object */;
}
