// !$*UTF8*$!
{
	archiveVersion = 1;
	classes = {
	};
	objectVersion = 60;
	objects = {

/* Begin PBXBuildFile section */
		0304BCB02B2CB0568B7047E9 /* FinScopeUITestsLaunchTests.swift in Sources */ = {isa = PBXBuildFile; fileRef = 2D1A7D646616E50078F042A1 /* FinScopeUITestsLaunchTests.swift */; };
		1003CB33AF057FFF8B6F4F67 /* FinScopeApp.swift in Sources */ = {isa = PBXBuildFile; fileRef = 5183450ADA4538DED72B8404 /* FinScopeApp.swift */; };
		5AB154C52F3E807500412C7D /* ContentCoordinatorView.swift in Sources */ = {isa = PBXBuildFile; fileRef = 5AB154A92F3E807500412C7D /* ContentCoordinatorView.swift */; };
		5AB154CA2F3E807500412C7D /* ContentCoordinator.swift in Sources */ = {isa = PBXBuildFile; fileRef = 5AB154A82F3E807500412C7D /* ContentCoordinator.swift */; };
		5AB154CB2F3E807500412C7D /* AppCoordinator.swift in Sources */ = {isa = PBXBuildFile; fileRef = 5AB154A52F3E807500412C7D /* AppCoordinator.swift */; };
		5AB154CC2F3E807500412C7D /* AppCoordinatorView.swift in Sources */ = {isa = PBXBuildFile; fileRef = 5AB154A62F3E807500412C7D /* AppCoordinatorView.swift */; };
		5AB154CF2F3E80CC00412C7D /* AppState.swift in Sources */ = {isa = PBXBuildFile; fileRef = 5AB154CD2F3E80CC00412C7D /* AppState.swift */; };
		C9ACD8A46690C2A85410AA1C /* FinScopeUITests.swift in Sources */ = {isa = PBXBuildFile; fileRef = 9A156935D480CB151D934E7A /* FinScopeUITests.swift */; };
		D3D0FCF12D178AF59793148F /* Assets.xcassets in Resources */ = {isa = PBXBuildFile; fileRef = 4069ACC4B1B0DD54C9682123 /* Assets.xcassets */; };
		E20000000000000000BB1001 /* CoreDataStack.swift in Sources */ = {isa = PBXBuildFile; fileRef = E10000000000000000AA1001 /* CoreDataStack.swift */; };
		E20000000000000000BB1002 /* Decimal+Extensions.swift in Sources */ = {isa = PBXBuildFile; fileRef = E10000000000000000AA1002 /* Decimal+Extensions.swift */; };
		E20000000000000000BB1006 /* Notification+Extensions.swift in Sources */ = {isa = PBXBuildFile; fileRef = E10000000000000000AA1006 /* Notification+Extensions.swift */; };
		E20000000000000000BB1003 /* Date+Extensions.swift in Sources */ = {isa = PBXBuildFile; fileRef = E10000000000000000AA1003 /* Date+Extensions.swift */; };
		E20000000000000000BB1004 /* CSVParser.swift in Sources */ = {isa = PBXBuildFile; fileRef = E10000000000000000AA1004 /* CSVParser.swift */; };
		E20000000000000000BB1005 /* CurrencyConverter.swift in Sources */ = {isa = PBXBuildFile; fileRef = E10000000000000000AA1005 /* CurrencyConverter.swift */; };
		E20000000000000000BB2001 /* Account.swift in Sources */ = {isa = PBXBuildFile; fileRef = E10000000000000000AA2001 /* Account.swift */; };
		E20000000000000000BB2002 /* Transaction.swift in Sources */ = {isa = PBXBuildFile; fileRef = E10000000000000000AA2002 /* Transaction.swift */; };
		E20000000000000000BB2003 /* Category.swift in Sources */ = {isa = PBXBuildFile; fileRef = E10000000000000000AA2003 /* Category.swift */; };
		E20000000000000000BB2004 /* Subcategory.swift in Sources */ = {isa = PBXBuildFile; fileRef = E10000000000000000AA2004 /* Subcategory.swift */; };
		E20000000000000000BB2005 /* RecurrenceRule.swift in Sources */ = {isa = PBXBuildFile; fileRef = E10000000000000000AA2005 /* RecurrenceRule.swift */; };
		E20000000000000000BB2101 /* AccountRepositoryProtocol.swift in Sources */ = {isa = PBXBuildFile; fileRef = E10000000000000000AA2101 /* AccountRepositoryProtocol.swift */; };
		E20000000000000000BB2102 /* TransactionRepositoryProtocol.swift in Sources */ = {isa = PBXBuildFile; fileRef = E10000000000000000AA2102 /* TransactionRepositoryProtocol.swift */; };
		E20000000000000000BB2103 /* CategoryRepositoryProtocol.swift in Sources */ = {isa = PBXBuildFile; fileRef = E10000000000000000AA2103 /* CategoryRepositoryProtocol.swift */; };
		E20000000000000000BB2104 /* SubcategoryRepositoryProtocol.swift in Sources */ = {isa = PBXBuildFile; fileRef = E10000000000000000AA2104 /* SubcategoryRepositoryProtocol.swift */; };
		E20000000000000000BB2201 /* FetchAccountsUseCase.swift in Sources */ = {isa = PBXBuildFile; fileRef = E10000000000000000AA2201 /* FetchAccountsUseCase.swift */; };
		E20000000000000000BB2202 /* FetchAccountUseCase.swift in Sources */ = {isa = PBXBuildFile; fileRef = E10000000000000000AA2202 /* FetchAccountUseCase.swift */; };
		E20000000000000000BB2203 /* CreateAccountUseCase.swift in Sources */ = {isa = PBXBuildFile; fileRef = E10000000000000000AA2203 /* CreateAccountUseCase.swift */; };
		E20000000000000000BB2204 /* UpdateAccountUseCase.swift in Sources */ = {isa = PBXBuildFile; fileRef = E10000000000000000AA2204 /* UpdateAccountUseCase.swift */; };
		E20000000000000000BB2205 /* DeleteAccountUseCase.swift in Sources */ = {isa = PBXBuildFile; fileRef = E10000000000000000AA2205 /* DeleteAccountUseCase.swift */; };
		E20000000000000000BB2301 /* FetchTransactionsUseCase.swift in Sources */ = {isa = PBXBuildFile; fileRef = E10000000000000000AA2301 /* FetchTransactionsUseCase.swift */; };
		E20000000000000000BB2302 /* AddTransactionUseCase.swift in Sources */ = {isa = PBXBuildFile; fileRef = E10000000000000000AA2302 /* AddTransactionUseCase.swift */; };
		E20000000000000000BB2303 /* UpdateTransactionUseCase.swift in Sources */ = {isa = PBXBuildFile; fileRef = E10000000000000000AA2303 /* UpdateTransactionUseCase.swift */; };
		E20000000000000000BB2304 /* DeleteTransactionUseCase.swift in Sources */ = {isa = PBXBuildFile; fileRef = E10000000000000000AA2304 /* DeleteTransactionUseCase.swift */; };
		E20000000000000000BB2305 /* ImportTransactionsUseCase.swift in Sources */ = {isa = PBXBuildFile; fileRef = E10000000000000000AA2305 /* ImportTransactionsUseCase.swift */; };
		E20000000000000000BB2306 /* ExportTransactionsUseCase.swift in Sources */ = {isa = PBXBuildFile; fileRef = E10000000000000000AA2306 /* ExportTransactionsUseCase.swift */; };
		E20000000000000000BB2401 /* FetchCategoriesUseCase.swift in Sources */ = {isa = PBXBuildFile; fileRef = E10000000000000000AA2401 /* FetchCategoriesUseCase.swift */; };
		E20000000000000000BB2402 /* CreateCategoryUseCase.swift in Sources */ = {isa = PBXBuildFile; fileRef = E10000000000000000AA2402 /* CreateCategoryUseCase.swift */; };
		E20000000000000000BB2403 /* SeedDefaultCategoriesUseCase.swift in Sources */ = {isa = PBXBuildFile; fileRef = E10000000000000000AA2403 /* SeedDefaultCategoriesUseCase.swift */; };
		E20000000000000000BB3001 /* AccountMO.swift in Sources */ = {isa = PBXBuildFile; fileRef = E10000000000000000AA3001 /* AccountMO.swift */; };
		E20000000000000000BB3002 /* TransactionMO.swift in Sources */ = {isa = PBXBuildFile; fileRef = E10000000000000000AA3002 /* TransactionMO.swift */; };
		E20000000000000000BB3003 /* CategoryMO.swift in Sources */ = {isa = PBXBuildFile; fileRef = E10000000000000000AA3003 /* CategoryMO.swift */; };
		E20000000000000000BB3004 /* SubcategoryMO.swift in Sources */ = {isa = PBXBuildFile; fileRef = E10000000000000000AA3004 /* SubcategoryMO.swift */; };
		E20000000000000000BB3101 /* AccountMapper.swift in Sources */ = {isa = PBXBuildFile; fileRef = E10000000000000000AA3101 /* AccountMapper.swift */; };
		E20000000000000000BB3102 /* TransactionMapper.swift in Sources */ = {isa = PBXBuildFile; fileRef = E10000000000000000AA3102 /* TransactionMapper.swift */; };
		E20000000000000000BB3103 /* CategoryMapper.swift in Sources */ = {isa = PBXBuildFile; fileRef = E10000000000000000AA3103 /* CategoryMapper.swift */; };
		E20000000000000000BB3104 /* SubcategoryMapper.swift in Sources */ = {isa = PBXBuildFile; fileRef = E10000000000000000AA3104 /* SubcategoryMapper.swift */; };
		E20000000000000000BB3201 /* CoreDataAccountRepository.swift in Sources */ = {isa = PBXBuildFile; fileRef = E10000000000000000AA3201 /* CoreDataAccountRepository.swift */; };
		E20000000000000000BB3202 /* CoreDataTransactionRepository.swift in Sources */ = {isa = PBXBuildFile; fileRef = E10000000000000000AA3202 /* CoreDataTransactionRepository.swift */; };
		E20000000000000000BB3203 /* CoreDataCategoryRepository.swift in Sources */ = {isa = PBXBuildFile; fileRef = E10000000000000000AA3203 /* CoreDataCategoryRepository.swift */; };
		E20000000000000000BB3204 /* CoreDataSubcategoryRepository.swift in Sources */ = {isa = PBXBuildFile; fileRef = E10000000000000000AA3204 /* CoreDataSubcategoryRepository.swift */; };
		E20000000000000000BB3301 /* DefaultCategoryData.swift in Sources */ = {isa = PBXBuildFile; fileRef = E10000000000000000AA3301 /* DefaultCategoryData.swift */; };
		E20000000000000000BB4001 /* AccountListViewModel.swift in Sources */ = {isa = PBXBuildFile; fileRef = E10000000000000000AA4001 /* AccountListViewModel.swift */; };
		E20000000000000000BB4002 /* AccountListView.swift in Sources */ = {isa = PBXBuildFile; fileRef = E10000000000000000AA4002 /* AccountListView.swift */; };
		E20000000000000000BB4003 /* AccountDetailViewModel.swift in Sources */ = {isa = PBXBuildFile; fileRef = E10000000000000000AA4003 /* AccountDetailViewModel.swift */; };
		E20000000000000000BB4004 /* AccountDetailView.swift in Sources */ = {isa = PBXBuildFile; fileRef = E10000000000000000AA4004 /* AccountDetailView.swift */; };
		E20000000000000000BB4005 /* AccountFormViewModel.swift in Sources */ = {isa = PBXBuildFile; fileRef = E10000000000000000AA4005 /* AccountFormViewModel.swift */; };
		E20000000000000000BB4006 /* AccountFormView.swift in Sources */ = {isa = PBXBuildFile; fileRef = E10000000000000000AA4006 /* AccountFormView.swift */; };
		E20000000000000000BB4101 /* TransactionRowView.swift in Sources */ = {isa = PBXBuildFile; fileRef = E10000000000000000AA4101 /* TransactionRowView.swift */; };
		E20000000000000000BB4102 /* TransactionFormViewModel.swift in Sources */ = {isa = PBXBuildFile; fileRef = E10000000000000000AA4102 /* TransactionFormViewModel.swift */; };
		E20000000000000000BB4103 /* TransactionFormView.swift in Sources */ = {isa = PBXBuildFile; fileRef = E10000000000000000AA4103 /* TransactionFormView.swift */; };
		E20000000000000000BB4104 /* CSVImportExportViewModel.swift in Sources */ = {isa = PBXBuildFile; fileRef = E10000000000000000AA4104 /* CSVImportExportViewModel.swift */; };
		E20000000000000000BB4105 /* CSVImportExportView.swift in Sources */ = {isa = PBXBuildFile; fileRef = E10000000000000000AA4105 /* CSVImportExportView.swift */; };
		E20000000000000000BB4201 /* CategoryListViewModel.swift in Sources */ = {isa = PBXBuildFile; fileRef = E10000000000000000AA4201 /* CategoryListViewModel.swift */; };
		E20000000000000000BB4202 /* CategoryListView.swift in Sources */ = {isa = PBXBuildFile; fileRef = E10000000000000000AA4202 /* CategoryListView.swift */; };
		E20000000000000000BB4203 /* CategoryFormView.swift in Sources */ = {isa = PBXBuildFile; fileRef = E10000000000000000AA4203 /* CategoryFormView.swift */; };
		E20000000000000000BB5001 /* CompositionRoot.swift in Sources */ = {isa = PBXBuildFile; fileRef = E10000000000000000AA5001 /* CompositionRoot.swift */; };
		E20000000000000000BB6001 /* MockAccountRepository.swift in Sources */ = {isa = PBXBuildFile; fileRef = E10000000000000000AA6001 /* MockAccountRepository.swift */; };
		E20000000000000000BB6002 /* MockTransactionRepository.swift in Sources */ = {isa = PBXBuildFile; fileRef = E10000000000000000AA6002 /* MockTransactionRepository.swift */; };
		E20000000000000000BB6003 /* MockCategoryRepository.swift in Sources */ = {isa = PBXBuildFile; fileRef = E10000000000000000AA6003 /* MockCategoryRepository.swift */; };
		E20000000000000000BB6004 /* MockSubcategoryRepository.swift in Sources */ = {isa = PBXBuildFile; fileRef = E10000000000000000AA6004 /* MockSubcategoryRepository.swift */; };
		E20000000000000000BB6101 /* AccountTests.swift in Sources */ = {isa = PBXBuildFile; fileRef = E10000000000000000AA6101 /* AccountTests.swift */; };
		E20000000000000000BB6102 /* TransactionTests.swift in Sources */ = {isa = PBXBuildFile; fileRef = E10000000000000000AA6102 /* TransactionTests.swift */; };
		E20000000000000000BB6103 /* CategoryTests.swift in Sources */ = {isa = PBXBuildFile; fileRef = E10000000000000000AA6103 /* CategoryTests.swift */; };
		E20000000000000000BB6201 /* FetchAccountsUseCaseTests.swift in Sources */ = {isa = PBXBuildFile; fileRef = E10000000000000000AA6201 /* FetchAccountsUseCaseTests.swift */; };
		E20000000000000000BB6202 /* CreateAccountUseCaseTests.swift in Sources */ = {isa = PBXBuildFile; fileRef = E10000000000000000AA6202 /* CreateAccountUseCaseTests.swift */; };
		E20000000000000000BB6203 /* DeleteAccountUseCaseTests.swift in Sources */ = {isa = PBXBuildFile; fileRef = E10000000000000000AA6203 /* DeleteAccountUseCaseTests.swift */; };
		E20000000000000000BB6204 /* AddTransactionUseCaseTests.swift in Sources */ = {isa = PBXBuildFile; fileRef = E10000000000000000AA6204 /* AddTransactionUseCaseTests.swift */; };
		E20000000000000000BB6205 /* DeleteTransactionUseCaseTests.swift in Sources */ = {isa = PBXBuildFile; fileRef = E10000000000000000AA6205 /* DeleteTransactionUseCaseTests.swift */; };
		E20000000000000000BB6206 /* ImportTransactionsUseCaseTests.swift in Sources */ = {isa = PBXBuildFile; fileRef = E10000000000000000AA6206 /* ImportTransactionsUseCaseTests.swift */; };
		E20000000000000000BB6207 /* ExportTransactionsUseCaseTests.swift in Sources */ = {isa = PBXBuildFile; fileRef = E10000000000000000AA6207 /* ExportTransactionsUseCaseTests.swift */; };
		E20000000000000000BB6301 /* AccountMapperTests.swift in Sources */ = {isa = PBXBuildFile; fileRef = E10000000000000000AA6301 /* AccountMapperTests.swift */; };
		E20000000000000000BB6302 /* TransactionMapperTests.swift in Sources */ = {isa = PBXBuildFile; fileRef = E10000000000000000AA6302 /* TransactionMapperTests.swift */; };
		E20000000000000000BB6401 /* CSVParserTests.swift in Sources */ = {isa = PBXBuildFile; fileRef = E10000000000000000AA6401 /* CSVParserTests.swift */; };
		E20000000000000000BB2006 /* Budget.swift in Sources */ = {isa = PBXBuildFile; fileRef = E10000000000000000AA2006 /* Budget.swift */; };
		E20000000000000000BB2105 /* BudgetRepositoryProtocol.swift in Sources */ = {isa = PBXBuildFile; fileRef = E10000000000000000AA2105 /* BudgetRepositoryProtocol.swift */; };
		E20000000000000000BB2501 /* FetchBudgetsUseCase.swift in Sources */ = {isa = PBXBuildFile; fileRef = E10000000000000000AA2501 /* FetchBudgetsUseCase.swift */; };
		E20000000000000000BB2502 /* CreateBudgetUseCase.swift in Sources */ = {isa = PBXBuildFile; fileRef = E10000000000000000AA2502 /* CreateBudgetUseCase.swift */; };
		E20000000000000000BB2503 /* UpdateBudgetUseCase.swift in Sources */ = {isa = PBXBuildFile; fileRef = E10000000000000000AA2503 /* UpdateBudgetUseCase.swift */; };
		E20000000000000000BB2504 /* DeleteBudgetUseCase.swift in Sources */ = {isa = PBXBuildFile; fileRef = E10000000000000000AA2504 /* DeleteBudgetUseCase.swift */; };
		E20000000000000000BB2505 /* FetchCategorySpendingUseCase.swift in Sources */ = {isa = PBXBuildFile; fileRef = E10000000000000000AA2505 /* FetchCategorySpendingUseCase.swift */; };
		E20000000000000000BB3005 /* BudgetMO.swift in Sources */ = {isa = PBXBuildFile; fileRef = E10000000000000000AA3005 /* BudgetMO.swift */; };
		E20000000000000000BB3105 /* BudgetMapper.swift in Sources */ = {isa = PBXBuildFile; fileRef = E10000000000000000AA3105 /* BudgetMapper.swift */; };
		E20000000000000000BB3205 /* CoreDataBudgetRepository.swift in Sources */ = {isa = PBXBuildFile; fileRef = E10000000000000000AA3205 /* CoreDataBudgetRepository.swift */; };
		E20000000000000000BB4301 /* BudgetListViewModel.swift in Sources */ = {isa = PBXBuildFile; fileRef = E10000000000000000AA4301 /* BudgetListViewModel.swift */; };
		E20000000000000000BB4302 /* BudgetListView.swift in Sources */ = {isa = PBXBuildFile; fileRef = E10000000000000000AA4302 /* BudgetListView.swift */; };
		E20000000000000000BB4303 /* BudgetFormViewModel.swift in Sources */ = {isa = PBXBuildFile; fileRef = E10000000000000000AA4303 /* BudgetFormViewModel.swift */; };
		E20000000000000000BB4304 /* BudgetFormView.swift in Sources */ = {isa = PBXBuildFile; fileRef = E10000000000000000AA4304 /* BudgetFormView.swift */; };
		E20000000000000000BB9001 /* FinScope.xcdatamodeld in Sources */ = {isa = PBXBuildFile; fileRef = E10000000000000000AA9001 /* FinScope.xcdatamodeld */; };
		ED71D6C7DEDA9961826CA09F /* FinScopeTests.swift in Sources */ = {isa = PBXBuildFile; fileRef = DB75E3F53CBA8D035EC5C697 /* FinScopeTests.swift */; };
		F00000000000000000BB0001 /* Coordinator.swift in Sources */ = {isa = PBXBuildFile; fileRef = F00000000000000000AA0001 /* Coordinator.swift */; };
		F00000000000000000BB0002 /* DashboardCoordinator.swift in Sources */ = {isa = PBXBuildFile; fileRef = F00000000000000000AA0002 /* DashboardCoordinator.swift */; };
		F00000000000000000BB0003 /* DashboardCoordinatorView.swift in Sources */ = {isa = PBXBuildFile; fileRef = F00000000000000000AA0003 /* DashboardCoordinatorView.swift */; };
		F00000000000000000BB0004 /* NavigationDestination.swift in Sources */ = {isa = PBXBuildFile; fileRef = F00000000000000000AA0004 /* NavigationDestination.swift */; };
		F00000000000000000BB0005 /* AccountsCoordinator.swift in Sources */ = {isa = PBXBuildFile; fileRef = F00000000000000000AA0005 /* AccountsCoordinator.swift */; };
		F00000000000000000BB0006 /* AccountsCoordinatorView.swift in Sources */ = {isa = PBXBuildFile; fileRef = F00000000000000000AA0006 /* AccountsCoordinatorView.swift */; };
		F00000000000000000BB0008 /* BudgetCoordinator.swift in Sources */ = {isa = PBXBuildFile; fileRef = F00000000000000000AA0008 /* BudgetCoordinator.swift */; };
		F00000000000000000BB0009 /* BudgetCoordinatorView.swift in Sources */ = {isa = PBXBuildFile; fileRef = F00000000000000000AA0009 /* BudgetCoordinatorView.swift */; };
		F00000000000000000BB000B /* InvestmentsCoordinator.swift in Sources */ = {isa = PBXBuildFile; fileRef = F00000000000000000AA000B /* InvestmentsCoordinator.swift */; };
		F00000000000000000BB000C /* InvestmentsCoordinatorView.swift in Sources */ = {isa = PBXBuildFile; fileRef = F00000000000000000AA000C /* InvestmentsCoordinatorView.swift */; };
		F00000000000000000BB000E /* ForecastCoordinator.swift in Sources */ = {isa = PBXBuildFile; fileRef = F00000000000000000AA000E /* ForecastCoordinator.swift */; };
		F00000000000000000BB000F /* ForecastCoordinatorView.swift in Sources */ = {isa = PBXBuildFile; fileRef = F00000000000000000AA000F /* ForecastCoordinatorView.swift */; };
		E20000000000000000BBF001 /* MonthlyForecast.swift in Sources */ = {isa = PBXBuildFile; fileRef = E10000000000000000AAF001 /* MonthlyForecast.swift */; };
		E20000000000000000BBF002 /* ForecastServiceProtocol.swift in Sources */ = {isa = PBXBuildFile; fileRef = E10000000000000000AAF002 /* ForecastServiceProtocol.swift */; };
		E20000000000000000BBF003 /* GenerateForecastUseCase.swift in Sources */ = {isa = PBXBuildFile; fileRef = E10000000000000000AAF003 /* GenerateForecastUseCase.swift */; };
		E20000000000000000BBF004 /* ForecastService.swift in Sources */ = {isa = PBXBuildFile; fileRef = E10000000000000000AAF004 /* ForecastService.swift */; };
		E20000000000000000BBF005 /* ForecastViewModel.swift in Sources */ = {isa = PBXBuildFile; fileRef = E10000000000000000AAF005 /* ForecastViewModel.swift */; };
		E20000000000000000BBF006 /* ForecastView.swift in Sources */ = {isa = PBXBuildFile; fileRef = E10000000000000000AAF006 /* ForecastView.swift */; };
		E20000000000000000BBF007 /* ForecastMonthRowView.swift in Sources */ = {isa = PBXBuildFile; fileRef = E10000000000000000AAF007 /* ForecastMonthRowView.swift */; };
		E20000000000000000BBF101 /* MockForecastService.swift in Sources */ = {isa = PBXBuildFile; fileRef = E10000000000000000AAF101 /* MockForecastService.swift */; };
		E20000000000000000BBF102 /* GenerateForecastUseCaseTests.swift in Sources */ = {isa = PBXBuildFile; fileRef = E10000000000000000AAF102 /* GenerateForecastUseCaseTests.swift */; };
		E20000000000000000BBF103 /* ForecastServiceTests.swift in Sources */ = {isa = PBXBuildFile; fileRef = E10000000000000000AAF103 /* ForecastServiceTests.swift */; };
		E20000000000000000BBD001 /* DashboardViewModel.swift in Sources */ = {isa = PBXBuildFile; fileRef = E10000000000000000AAD001 /* DashboardViewModel.swift */; };
		E20000000000000000BBD002 /* DashboardView.swift in Sources */ = {isa = PBXBuildFile; fileRef = E10000000000000000AAD002 /* DashboardView.swift */; };
		E20000000000000000BBD003 /* DashboardAccountRowView.swift in Sources */ = {isa = PBXBuildFile; fileRef = E10000000000000000AAD003 /* DashboardAccountRowView.swift */; };
		E20000000000000000BBD004 /* DashboardBudgetSummaryView.swift in Sources */ = {isa = PBXBuildFile; fileRef = E10000000000000000AAD004 /* DashboardBudgetSummaryView.swift */; };
		E20000000000000000BBD005 /* DashboardTransactionRowView.swift in Sources */ = {isa = PBXBuildFile; fileRef = E10000000000000000AAD005 /* DashboardTransactionRowView.swift */; };
		E20000000000000000BBD101 /* MockBudgetRepository.swift in Sources */ = {isa = PBXBuildFile; fileRef = E10000000000000000AAD101 /* MockBudgetRepository.swift */; };
		E20000000000000000BBD102 /* DashboardViewModelTests.swift in Sources */ = {isa = PBXBuildFile; fileRef = E10000000000000000AAD102 /* DashboardViewModelTests.swift */; };
/* End PBXBuildFile section */

/* Begin PBXContainerItemProxy section */
		821FDB054C05366FA8276948 /* PBXContainerItemProxy */ = {
			isa = PBXContainerItemProxy;
			containerPortal = A0BE772E36E1C0A078E0D858 /* Project object */;
			proxyType = 1;
			remoteGlobalIDString = 739113ECCD4254630E13FB90;
			remoteInfo = FinScope;
		};
		B2DA77F7069416A05C8148AC /* PBXContainerItemProxy */ = {
			isa = PBXContainerItemProxy;
			containerPortal = A0BE772E36E1C0A078E0D858 /* Project object */;
			proxyType = 1;
			remoteGlobalIDString = 739113ECCD4254630E13FB90;
			remoteInfo = FinScope;
		};
/* End PBXContainerItemProxy section */

/* Begin PBXFileReference section */
		2D1A7D646616E50078F042A1 /* FinScopeUITestsLaunchTests.swift */ = {isa = PBXFileReference; lastKnownFileType = sourcecode.swift; path = FinScopeUITestsLaunchTests.swift; sourceTree = "<group>"; };
		4069ACC4B1B0DD54C9682123 /* Assets.xcassets */ = {isa = PBXFileReference; lastKnownFileType = folder.assetcatalog; path = Assets.xcassets; sourceTree = "<group>"; };
		5183450ADA4538DED72B8404 /* FinScopeApp.swift */ = {isa = PBXFileReference; lastKnownFileType = sourcecode.swift; path = FinScopeApp.swift; sourceTree = "<group>"; };
		58BD64C992BBA90F23B438AF /* FinScope.app */ = {isa = PBXFileReference; explicitFileType = wrapper.application; includeInIndex = 0; path = FinScope.app; sourceTree = BUILT_PRODUCTS_DIR; };
		5AB154A52F3E807500412C7D /* AppCoordinator.swift */ = {isa = PBXFileReference; lastKnownFileType = sourcecode.swift; path = AppCoordinator.swift; sourceTree = "<group>"; };
		5AB154A62F3E807500412C7D /* AppCoordinatorView.swift */ = {isa = PBXFileReference; lastKnownFileType = sourcecode.swift; path = AppCoordinatorView.swift; sourceTree = "<group>"; };
		5AB154A82F3E807500412C7D /* ContentCoordinator.swift */ = {isa = PBXFileReference; lastKnownFileType = sourcecode.swift; path = ContentCoordinator.swift; sourceTree = "<group>"; };
		5AB154A92F3E807500412C7D /* ContentCoordinatorView.swift */ = {isa = PBXFileReference; lastKnownFileType = sourcecode.swift; path = ContentCoordinatorView.swift; sourceTree = "<group>"; };
		5AB154CD2F3E80CC00412C7D /* AppState.swift */ = {isa = PBXFileReference; lastKnownFileType = sourcecode.swift; path = AppState.swift; sourceTree = "<group>"; };
		770605DC19F580A29CA277AF /* FinScopeTests.xctest */ = {isa = PBXFileReference; explicitFileType = wrapper.cfbundle; includeInIndex = 0; path = FinScopeTests.xctest; sourceTree = BUILT_PRODUCTS_DIR; };
		777FCDC88C8250551FC8552A /* FinScopeUITests.xctest */ = {isa = PBXFileReference; explicitFileType = wrapper.cfbundle; includeInIndex = 0; path = FinScopeUITests.xctest; sourceTree = BUILT_PRODUCTS_DIR; };
		9A156935D480CB151D934E7A /* FinScopeUITests.swift */ = {isa = PBXFileReference; lastKnownFileType = sourcecode.swift; path = FinScopeUITests.swift; sourceTree = "<group>"; };
		DB75E3F53CBA8D035EC5C697 /* FinScopeTests.swift */ = {isa = PBXFileReference; lastKnownFileType = sourcecode.swift; path = FinScopeTests.swift; sourceTree = "<group>"; };
		E10000000000000000AA1001 /* CoreDataStack.swift */ = {isa = PBXFileReference; lastKnownFileType = sourcecode.swift; path = CoreDataStack.swift; sourceTree = "<group>"; };
		E10000000000000000AA1002 /* Decimal+Extensions.swift */ = {isa = PBXFileReference; lastKnownFileType = sourcecode.swift; path = "Decimal+Extensions.swift"; sourceTree = "<group>"; };
		E10000000000000000AA1006 /* Notification+Extensions.swift */ = {isa = PBXFileReference; lastKnownFileType = sourcecode.swift; path = "Notification+Extensions.swift"; sourceTree = "<group>"; };
		E10000000000000000AA1003 /* Date+Extensions.swift */ = {isa = PBXFileReference; lastKnownFileType = sourcecode.swift; path = "Date+Extensions.swift"; sourceTree = "<group>"; };
		E10000000000000000AA1004 /* CSVParser.swift */ = {isa = PBXFileReference; lastKnownFileType = sourcecode.swift; path = CSVParser.swift; sourceTree = "<group>"; };
		E10000000000000000AA1005 /* CurrencyConverter.swift */ = {isa = PBXFileReference; lastKnownFileType = sourcecode.swift; path = CurrencyConverter.swift; sourceTree = "<group>"; };
		E10000000000000000AA2001 /* Account.swift */ = {isa = PBXFileReference; lastKnownFileType = sourcecode.swift; path = Account.swift; sourceTree = "<group>"; };
		E10000000000000000AA2002 /* Transaction.swift */ = {isa = PBXFileReference; lastKnownFileType = sourcecode.swift; path = Transaction.swift; sourceTree = "<group>"; };
		E10000000000000000AA2003 /* Category.swift */ = {isa = PBXFileReference; lastKnownFileType = sourcecode.swift; path = Category.swift; sourceTree = "<group>"; };
		E10000000000000000AA2004 /* Subcategory.swift */ = {isa = PBXFileReference; lastKnownFileType = sourcecode.swift; path = Subcategory.swift; sourceTree = "<group>"; };
		E10000000000000000AA2005 /* RecurrenceRule.swift */ = {isa = PBXFileReference; lastKnownFileType = sourcecode.swift; path = RecurrenceRule.swift; sourceTree = "<group>"; };
		E10000000000000000AA2101 /* AccountRepositoryProtocol.swift */ = {isa = PBXFileReference; lastKnownFileType = sourcecode.swift; path = AccountRepositoryProtocol.swift; sourceTree = "<group>"; };
		E10000000000000000AA2102 /* TransactionRepositoryProtocol.swift */ = {isa = PBXFileReference; lastKnownFileType = sourcecode.swift; path = TransactionRepositoryProtocol.swift; sourceTree = "<group>"; };
		E10000000000000000AA2103 /* CategoryRepositoryProtocol.swift */ = {isa = PBXFileReference; lastKnownFileType = sourcecode.swift; path = CategoryRepositoryProtocol.swift; sourceTree = "<group>"; };
		E10000000000000000AA2104 /* SubcategoryRepositoryProtocol.swift */ = {isa = PBXFileReference; lastKnownFileType = sourcecode.swift; path = SubcategoryRepositoryProtocol.swift; sourceTree = "<group>"; };
		E10000000000000000AA2201 /* FetchAccountsUseCase.swift */ = {isa = PBXFileReference; lastKnownFileType = sourcecode.swift; path = FetchAccountsUseCase.swift; sourceTree = "<group>"; };
		E10000000000000000AA2202 /* FetchAccountUseCase.swift */ = {isa = PBXFileReference; lastKnownFileType = sourcecode.swift; path = FetchAccountUseCase.swift; sourceTree = "<group>"; };
		E10000000000000000AA2203 /* CreateAccountUseCase.swift */ = {isa = PBXFileReference; lastKnownFileType = sourcecode.swift; path = CreateAccountUseCase.swift; sourceTree = "<group>"; };
		E10000000000000000AA2204 /* UpdateAccountUseCase.swift */ = {isa = PBXFileReference; lastKnownFileType = sourcecode.swift; path = UpdateAccountUseCase.swift; sourceTree = "<group>"; };
		E10000000000000000AA2205 /* DeleteAccountUseCase.swift */ = {isa = PBXFileReference; lastKnownFileType = sourcecode.swift; path = DeleteAccountUseCase.swift; sourceTree = "<group>"; };
		E10000000000000000AA2301 /* FetchTransactionsUseCase.swift */ = {isa = PBXFileReference; lastKnownFileType = sourcecode.swift; path = FetchTransactionsUseCase.swift; sourceTree = "<group>"; };
		E10000000000000000AA2302 /* AddTransactionUseCase.swift */ = {isa = PBXFileReference; lastKnownFileType = sourcecode.swift; path = AddTransactionUseCase.swift; sourceTree = "<group>"; };
		E10000000000000000AA2303 /* UpdateTransactionUseCase.swift */ = {isa = PBXFileReference; lastKnownFileType = sourcecode.swift; path = UpdateTransactionUseCase.swift; sourceTree = "<group>"; };
		E10000000000000000AA2304 /* DeleteTransactionUseCase.swift */ = {isa = PBXFileReference; lastKnownFileType = sourcecode.swift; path = DeleteTransactionUseCase.swift; sourceTree = "<group>"; };
		E10000000000000000AA2305 /* ImportTransactionsUseCase.swift */ = {isa = PBXFileReference; lastKnownFileType = sourcecode.swift; path = ImportTransactionsUseCase.swift; sourceTree = "<group>"; };
		E10000000000000000AA2306 /* ExportTransactionsUseCase.swift */ = {isa = PBXFileReference; lastKnownFileType = sourcecode.swift; path = ExportTransactionsUseCase.swift; sourceTree = "<group>"; };
		E10000000000000000AA2401 /* FetchCategoriesUseCase.swift */ = {isa = PBXFileReference; lastKnownFileType = sourcecode.swift; path = FetchCategoriesUseCase.swift; sourceTree = "<group>"; };
		E10000000000000000AA2402 /* CreateCategoryUseCase.swift */ = {isa = PBXFileReference; lastKnownFileType = sourcecode.swift; path = CreateCategoryUseCase.swift; sourceTree = "<group>"; };
		E10000000000000000AA2403 /* SeedDefaultCategoriesUseCase.swift */ = {isa = PBXFileReference; lastKnownFileType = sourcecode.swift; path = SeedDefaultCategoriesUseCase.swift; sourceTree = "<group>"; };
		E10000000000000000AA3001 /* AccountMO.swift */ = {isa = PBXFileReference; lastKnownFileType = sourcecode.swift; path = AccountMO.swift; sourceTree = "<group>"; };
		E10000000000000000AA3002 /* TransactionMO.swift */ = {isa = PBXFileReference; lastKnownFileType = sourcecode.swift; path = TransactionMO.swift; sourceTree = "<group>"; };
		E10000000000000000AA3003 /* CategoryMO.swift */ = {isa = PBXFileReference; lastKnownFileType = sourcecode.swift; path = CategoryMO.swift; sourceTree = "<group>"; };
		E10000000000000000AA3004 /* SubcategoryMO.swift */ = {isa = PBXFileReference; lastKnownFileType = sourcecode.swift; path = SubcategoryMO.swift; sourceTree = "<group>"; };
		E10000000000000000AA3101 /* AccountMapper.swift */ = {isa = PBXFileReference; lastKnownFileType = sourcecode.swift; path = AccountMapper.swift; sourceTree = "<group>"; };
		E10000000000000000AA3102 /* TransactionMapper.swift */ = {isa = PBXFileReference; lastKnownFileType = sourcecode.swift; path = TransactionMapper.swift; sourceTree = "<group>"; };
		E10000000000000000AA3103 /* CategoryMapper.swift */ = {isa = PBXFileReference; lastKnownFileType = sourcecode.swift; path = CategoryMapper.swift; sourceTree = "<group>"; };
		E10000000000000000AA3104 /* SubcategoryMapper.swift */ = {isa = PBXFileReference; lastKnownFileType = sourcecode.swift; path = SubcategoryMapper.swift; sourceTree = "<group>"; };
		E10000000000000000AA3201 /* CoreDataAccountRepository.swift */ = {isa = PBXFileReference; lastKnownFileType = sourcecode.swift; path = CoreDataAccountRepository.swift; sourceTree = "<group>"; };
		E10000000000000000AA3202 /* CoreDataTransactionRepository.swift */ = {isa = PBXFileReference; lastKnownFileType = sourcecode.swift; path = CoreDataTransactionRepository.swift; sourceTree = "<group>"; };
		E10000000000000000AA3203 /* CoreDataCategoryRepository.swift */ = {isa = PBXFileReference; lastKnownFileType = sourcecode.swift; path = CoreDataCategoryRepository.swift; sourceTree = "<group>"; };
		E10000000000000000AA3204 /* CoreDataSubcategoryRepository.swift */ = {isa = PBXFileReference; lastKnownFileType = sourcecode.swift; path = CoreDataSubcategoryRepository.swift; sourceTree = "<group>"; };
		E10000000000000000AA3301 /* DefaultCategoryData.swift */ = {isa = PBXFileReference; lastKnownFileType = sourcecode.swift; path = DefaultCategoryData.swift; sourceTree = "<group>"; };
		E10000000000000000AA4001 /* AccountListViewModel.swift */ = {isa = PBXFileReference; lastKnownFileType = sourcecode.swift; path = AccountListViewModel.swift; sourceTree = "<group>"; };
		E10000000000000000AA4002 /* AccountListView.swift */ = {isa = PBXFileReference; lastKnownFileType = sourcecode.swift; path = AccountListView.swift; sourceTree = "<group>"; };
		E10000000000000000AA4003 /* AccountDetailViewModel.swift */ = {isa = PBXFileReference; lastKnownFileType = sourcecode.swift; path = AccountDetailViewModel.swift; sourceTree = "<group>"; };
		E10000000000000000AA4004 /* AccountDetailView.swift */ = {isa = PBXFileReference; lastKnownFileType = sourcecode.swift; path = AccountDetailView.swift; sourceTree = "<group>"; };
		E10000000000000000AA4005 /* AccountFormViewModel.swift */ = {isa = PBXFileReference; lastKnownFileType = sourcecode.swift; path = AccountFormViewModel.swift; sourceTree = "<group>"; };
		E10000000000000000AA4006 /* AccountFormView.swift */ = {isa = PBXFileReference; lastKnownFileType = sourcecode.swift; path = AccountFormView.swift; sourceTree = "<group>"; };
		E10000000000000000AA4101 /* TransactionRowView.swift */ = {isa = PBXFileReference; lastKnownFileType = sourcecode.swift; path = TransactionRowView.swift; sourceTree = "<group>"; };
		E10000000000000000AA4102 /* TransactionFormViewModel.swift */ = {isa = PBXFileReference; lastKnownFileType = sourcecode.swift; path = TransactionFormViewModel.swift; sourceTree = "<group>"; };
		E10000000000000000AA4103 /* TransactionFormView.swift */ = {isa = PBXFileReference; lastKnownFileType = sourcecode.swift; path = TransactionFormView.swift; sourceTree = "<group>"; };
		E10000000000000000AA4104 /* CSVImportExportViewModel.swift */ = {isa = PBXFileReference; lastKnownFileType = sourcecode.swift; path = CSVImportExportViewModel.swift; sourceTree = "<group>"; };
		E10000000000000000AA4105 /* CSVImportExportView.swift */ = {isa = PBXFileReference; lastKnownFileType = sourcecode.swift; path = CSVImportExportView.swift; sourceTree = "<group>"; };
		E10000000000000000AA4201 /* CategoryListViewModel.swift */ = {isa = PBXFileReference; lastKnownFileType = sourcecode.swift; path = CategoryListViewModel.swift; sourceTree = "<group>"; };
		E10000000000000000AA4202 /* CategoryListView.swift */ = {isa = PBXFileReference; lastKnownFileType = sourcecode.swift; path = CategoryListView.swift; sourceTree = "<group>"; };
		E10000000000000000AA4203 /* CategoryFormView.swift */ = {isa = PBXFileReference; lastKnownFileType = sourcecode.swift; path = CategoryFormView.swift; sourceTree = "<group>"; };
		E10000000000000000AA5001 /* CompositionRoot.swift */ = {isa = PBXFileReference; lastKnownFileType = sourcecode.swift; path = CompositionRoot.swift; sourceTree = "<group>"; };
		E10000000000000000AA6001 /* MockAccountRepository.swift */ = {isa = PBXFileReference; lastKnownFileType = sourcecode.swift; path = MockAccountRepository.swift; sourceTree = "<group>"; };
		E10000000000000000AA6002 /* MockTransactionRepository.swift */ = {isa = PBXFileReference; lastKnownFileType = sourcecode.swift; path = MockTransactionRepository.swift; sourceTree = "<group>"; };
		E10000000000000000AA6003 /* MockCategoryRepository.swift */ = {isa = PBXFileReference; lastKnownFileType = sourcecode.swift; path = MockCategoryRepository.swift; sourceTree = "<group>"; };
		E10000000000000000AA6004 /* MockSubcategoryRepository.swift */ = {isa = PBXFileReference; lastKnownFileType = sourcecode.swift; path = MockSubcategoryRepository.swift; sourceTree = "<group>"; };
		E10000000000000000AA6101 /* AccountTests.swift */ = {isa = PBXFileReference; lastKnownFileType = sourcecode.swift; path = AccountTests.swift; sourceTree = "<group>"; };
		E10000000000000000AA6102 /* TransactionTests.swift */ = {isa = PBXFileReference; lastKnownFileType = sourcecode.swift; path = TransactionTests.swift; sourceTree = "<group>"; };
		E10000000000000000AA6103 /* CategoryTests.swift */ = {isa = PBXFileReference; lastKnownFileType = sourcecode.swift; path = CategoryTests.swift; sourceTree = "<group>"; };
		E10000000000000000AA6201 /* FetchAccountsUseCaseTests.swift */ = {isa = PBXFileReference; lastKnownFileType = sourcecode.swift; path = FetchAccountsUseCaseTests.swift; sourceTree = "<group>"; };
		E10000000000000000AA6202 /* CreateAccountUseCaseTests.swift */ = {isa = PBXFileReference; lastKnownFileType = sourcecode.swift; path = CreateAccountUseCaseTests.swift; sourceTree = "<group>"; };
		E10000000000000000AA6203 /* DeleteAccountUseCaseTests.swift */ = {isa = PBXFileReference; lastKnownFileType = sourcecode.swift; path = DeleteAccountUseCaseTests.swift; sourceTree = "<group>"; };
		E10000000000000000AA6204 /* AddTransactionUseCaseTests.swift */ = {isa = PBXFileReference; lastKnownFileType = sourcecode.swift; path = AddTransactionUseCaseTests.swift; sourceTree = "<group>"; };
		E10000000000000000AA6205 /* DeleteTransactionUseCaseTests.swift */ = {isa = PBXFileReference; lastKnownFileType = sourcecode.swift; path = DeleteTransactionUseCaseTests.swift; sourceTree = "<group>"; };
		E10000000000000000AA6206 /* ImportTransactionsUseCaseTests.swift */ = {isa = PBXFileReference; lastKnownFileType = sourcecode.swift; path = ImportTransactionsUseCaseTests.swift; sourceTree = "<group>"; };
		E10000000000000000AA6207 /* ExportTransactionsUseCaseTests.swift */ = {isa = PBXFileReference; lastKnownFileType = sourcecode.swift; path = ExportTransactionsUseCaseTests.swift; sourceTree = "<group>"; };
		E10000000000000000AA6301 /* AccountMapperTests.swift */ = {isa = PBXFileReference; lastKnownFileType = sourcecode.swift; path = AccountMapperTests.swift; sourceTree = "<group>"; };
		E10000000000000000AA6302 /* TransactionMapperTests.swift */ = {isa = PBXFileReference; lastKnownFileType = sourcecode.swift; path = TransactionMapperTests.swift; sourceTree = "<group>"; };
		E10000000000000000AA6401 /* CSVParserTests.swift */ = {isa = PBXFileReference; lastKnownFileType = sourcecode.swift; path = CSVParserTests.swift; sourceTree = "<group>"; };
		E10000000000000000AA2006 /* Budget.swift */ = {isa = PBXFileReference; lastKnownFileType = sourcecode.swift; path = Budget.swift; sourceTree = "<group>"; };
		E10000000000000000AA2105 /* BudgetRepositoryProtocol.swift */ = {isa = PBXFileReference; lastKnownFileType = sourcecode.swift; path = BudgetRepositoryProtocol.swift; sourceTree = "<group>"; };
		E10000000000000000AA2501 /* FetchBudgetsUseCase.swift */ = {isa = PBXFileReference; lastKnownFileType = sourcecode.swift; path = FetchBudgetsUseCase.swift; sourceTree = "<group>"; };
		E10000000000000000AA2502 /* CreateBudgetUseCase.swift */ = {isa = PBXFileReference; lastKnownFileType = sourcecode.swift; path = CreateBudgetUseCase.swift; sourceTree = "<group>"; };
		E10000000000000000AA2503 /* UpdateBudgetUseCase.swift */ = {isa = PBXFileReference; lastKnownFileType = sourcecode.swift; path = UpdateBudgetUseCase.swift; sourceTree = "<group>"; };
		E10000000000000000AA2504 /* DeleteBudgetUseCase.swift */ = {isa = PBXFileReference; lastKnownFileType = sourcecode.swift; path = DeleteBudgetUseCase.swift; sourceTree = "<group>"; };
		E10000000000000000AA2505 /* FetchCategorySpendingUseCase.swift */ = {isa = PBXFileReference; lastKnownFileType = sourcecode.swift; path = FetchCategorySpendingUseCase.swift; sourceTree = "<group>"; };
		E10000000000000000AA3005 /* BudgetMO.swift */ = {isa = PBXFileReference; lastKnownFileType = sourcecode.swift; path = BudgetMO.swift; sourceTree = "<group>"; };
		E10000000000000000AA3105 /* BudgetMapper.swift */ = {isa = PBXFileReference; lastKnownFileType = sourcecode.swift; path = BudgetMapper.swift; sourceTree = "<group>"; };
		E10000000000000000AA3205 /* CoreDataBudgetRepository.swift */ = {isa = PBXFileReference; lastKnownFileType = sourcecode.swift; path = CoreDataBudgetRepository.swift; sourceTree = "<group>"; };
		E10000000000000000AA4301 /* BudgetListViewModel.swift */ = {isa = PBXFileReference; lastKnownFileType = sourcecode.swift; path = BudgetListViewModel.swift; sourceTree = "<group>"; };
		E10000000000000000AA4302 /* BudgetListView.swift */ = {isa = PBXFileReference; lastKnownFileType = sourcecode.swift; path = BudgetListView.swift; sourceTree = "<group>"; };
		E10000000000000000AA4303 /* BudgetFormViewModel.swift */ = {isa = PBXFileReference; lastKnownFileType = sourcecode.swift; path = BudgetFormViewModel.swift; sourceTree = "<group>"; };
		E10000000000000000AA4304 /* BudgetFormView.swift */ = {isa = PBXFileReference; lastKnownFileType = sourcecode.swift; path = BudgetFormView.swift; sourceTree = "<group>"; };
		E10000000000000000AA9001 /* FinScope.xcdatamodeld */ = {isa = PBXFileReference; lastKnownFileType = wrapper.xcdatamodeld; path = FinScope.xcdatamodeld; sourceTree = "<group>"; };
		F00000000000000000AA0001 /* Coordinator.swift */ = {isa = PBXFileReference; lastKnownFileType = sourcecode.swift; path = Coordinator.swift; sourceTree = "<group>"; };
		F00000000000000000AA0002 /* DashboardCoordinator.swift */ = {isa = PBXFileReference; lastKnownFileType = sourcecode.swift; path = DashboardCoordinator.swift; sourceTree = "<group>"; };
		F00000000000000000AA0003 /* DashboardCoordinatorView.swift */ = {isa = PBXFileReference; lastKnownFileType = sourcecode.swift; path = DashboardCoordinatorView.swift; sourceTree = "<group>"; };
		F00000000000000000AA0004 /* NavigationDestination.swift */ = {isa = PBXFileReference; lastKnownFileType = sourcecode.swift; path = NavigationDestination.swift; sourceTree = "<group>"; };
		F00000000000000000AA0005 /* AccountsCoordinator.swift */ = {isa = PBXFileReference; lastKnownFileType = sourcecode.swift; path = AccountsCoordinator.swift; sourceTree = "<group>"; };
		F00000000000000000AA0006 /* AccountsCoordinatorView.swift */ = {isa = PBXFileReference; lastKnownFileType = sourcecode.swift; path = AccountsCoordinatorView.swift; sourceTree = "<group>"; };
		F00000000000000000AA0008 /* BudgetCoordinator.swift */ = {isa = PBXFileReference; lastKnownFileType = sourcecode.swift; path = BudgetCoordinator.swift; sourceTree = "<group>"; };
		F00000000000000000AA0009 /* BudgetCoordinatorView.swift */ = {isa = PBXFileReference; lastKnownFileType = sourcecode.swift; path = BudgetCoordinatorView.swift; sourceTree = "<group>"; };
		F00000000000000000AA000B /* InvestmentsCoordinator.swift */ = {isa = PBXFileReference; lastKnownFileType = sourcecode.swift; path = InvestmentsCoordinator.swift; sourceTree = "<group>"; };
		F00000000000000000AA000C /* InvestmentsCoordinatorView.swift */ = {isa = PBXFileReference; lastKnownFileType = sourcecode.swift; path = InvestmentsCoordinatorView.swift; sourceTree = "<group>"; };
		F00000000000000000AA000E /* ForecastCoordinator.swift */ = {isa = PBXFileReference; lastKnownFileType = sourcecode.swift; path = ForecastCoordinator.swift; sourceTree = "<group>"; };
		F00000000000000000AA000F /* ForecastCoordinatorView.swift */ = {isa = PBXFileReference; lastKnownFileType = sourcecode.swift; path = ForecastCoordinatorView.swift; sourceTree = "<group>"; };
		E10000000000000000AAF001 /* MonthlyForecast.swift */ = {isa = PBXFileReference; lastKnownFileType = sourcecode.swift; path = MonthlyForecast.swift; sourceTree = "<group>"; };
		E10000000000000000AAF002 /* ForecastServiceProtocol.swift */ = {isa = PBXFileReference; lastKnownFileType = sourcecode.swift; path = ForecastServiceProtocol.swift; sourceTree = "<group>"; };
		E10000000000000000AAF003 /* GenerateForecastUseCase.swift */ = {isa = PBXFileReference; lastKnownFileType = sourcecode.swift; path = GenerateForecastUseCase.swift; sourceTree = "<group>"; };
		E10000000000000000AAF004 /* ForecastService.swift */ = {isa = PBXFileReference; lastKnownFileType = sourcecode.swift; path = ForecastService.swift; sourceTree = "<group>"; };
		E10000000000000000AAF005 /* ForecastViewModel.swift */ = {isa = PBXFileReference; lastKnownFileType = sourcecode.swift; path = ForecastViewModel.swift; sourceTree = "<group>"; };
		E10000000000000000AAF006 /* ForecastView.swift */ = {isa = PBXFileReference; lastKnownFileType = sourcecode.swift; path = ForecastView.swift; sourceTree = "<group>"; };
		E10000000000000000AAF007 /* ForecastMonthRowView.swift */ = {isa = PBXFileReference; lastKnownFileType = sourcecode.swift; path = ForecastMonthRowView.swift; sourceTree = "<group>"; };
		E10000000000000000AAF101 /* MockForecastService.swift */ = {isa = PBXFileReference; lastKnownFileType = sourcecode.swift; path = MockForecastService.swift; sourceTree = "<group>"; };
		E10000000000000000AAF102 /* GenerateForecastUseCaseTests.swift */ = {isa = PBXFileReference; lastKnownFileType = sourcecode.swift; path = GenerateForecastUseCaseTests.swift; sourceTree = "<group>"; };
		E10000000000000000AAF103 /* ForecastServiceTests.swift */ = {isa = PBXFileReference; lastKnownFileType = sourcecode.swift; path = ForecastServiceTests.swift; sourceTree = "<group>"; };
		E10000000000000000AAD001 /* DashboardViewModel.swift */ = {isa = PBXFileReference; lastKnownFileType = sourcecode.swift; path = DashboardViewModel.swift; sourceTree = "<group>"; };
		E10000000000000000AAD002 /* DashboardView.swift */ = {isa = PBXFileReference; lastKnownFileType = sourcecode.swift; path = DashboardView.swift; sourceTree = "<group>"; };
		E10000000000000000AAD003 /* DashboardAccountRowView.swift */ = {isa = PBXFileReference; lastKnownFileType = sourcecode.swift; path = DashboardAccountRowView.swift; sourceTree = "<group>"; };
		E10000000000000000AAD004 /* DashboardBudgetSummaryView.swift */ = {isa = PBXFileReference; lastKnownFileType = sourcecode.swift; path = DashboardBudgetSummaryView.swift; sourceTree = "<group>"; };
		E10000000000000000AAD005 /* DashboardTransactionRowView.swift */ = {isa = PBXFileReference; lastKnownFileType = sourcecode.swift; path = DashboardTransactionRowView.swift; sourceTree = "<group>"; };
		E10000000000000000AAD101 /* MockBudgetRepository.swift */ = {isa = PBXFileReference; lastKnownFileType = sourcecode.swift; path = MockBudgetRepository.swift; sourceTree = "<group>"; };
		E10000000000000000AAD102 /* DashboardViewModelTests.swift */ = {isa = PBXFileReference; lastKnownFileType = sourcecode.swift; path = DashboardViewModelTests.swift; sourceTree = "<group>"; };
/* End PBXFileReference section */

/* Begin PBXFrameworksBuildPhase section */
		4C419680FF4AC929AC2D16B8 /* Frameworks */ = {
			isa = PBXFrameworksBuildPhase;
			buildActionMask = 2147483647;
			files = (
			);
			runOnlyForDeploymentPostprocessing = 0;
		};
		A66CB340AB5F16180BA6A262 /* Frameworks */ = {
			isa = PBXFrameworksBuildPhase;
			buildActionMask = 2147483647;
			files = (
			);
			runOnlyForDeploymentPostprocessing = 0;
		};
		C5A3B54724822AD596321DD8 /* Frameworks */ = {
			isa = PBXFrameworksBuildPhase;
			buildActionMask = 2147483647;
			files = (
			);
			runOnlyForDeploymentPostprocessing = 0;
		};
/* End PBXFrameworksBuildPhase section */

/* Begin PBXGroup section */
		1190A5D32F01D0D71382B7C3 /* Products */ = {
			isa = PBXGroup;
			children = (
				58BD64C992BBA90F23B438AF /* FinScope.app */,
				770605DC19F580A29CA277AF /* FinScopeTests.xctest */,
				777FCDC88C8250551FC8552A /* FinScopeUITests.xctest */,
			);
			name = Products;
			sourceTree = "<group>";
		};
		20E11C6D597F142617B59B03 /* FinScopeUITests */ = {
			isa = PBXGroup;
			children = (
				9A156935D480CB151D934E7A /* FinScopeUITests.swift */,
				2D1A7D646616E50078F042A1 /* FinScopeUITestsLaunchTests.swift */,
			);
			path = FinScopeUITests;
			sourceTree = "<group>";
		};
		5AB154A72F3E807500412C7D /* AppCoordinator */ = {
			isa = PBXGroup;
			children = (
				5AB154A52F3E807500412C7D /* AppCoordinator.swift */,
				5AB154A62F3E807500412C7D /* AppCoordinatorView.swift */,
			);
			path = AppCoordinator;
			sourceTree = "<group>";
		};
		5AB154AA2F3E807500412C7D /* ContentCoordinator */ = {
			isa = PBXGroup;
			children = (
				5AB154A82F3E807500412C7D /* ContentCoordinator.swift */,
				5AB154A92F3E807500412C7D /* ContentCoordinatorView.swift */,
			);
			path = ContentCoordinator;
			sourceTree = "<group>";
		};
		5AB154BB2F3E807500412C7D /* Coordinators */ = {
			isa = PBXGroup;
			children = (
				F00000000000000000AA0001 /* Coordinator.swift */,
				F00000000000000000AA0004 /* NavigationDestination.swift */,
				5AB154A72F3E807500412C7D /* AppCoordinator */,
				5AB154AA2F3E807500412C7D /* ContentCoordinator */,
				F00000000000000000CC0001 /* DashboardCoordinator */,
				F00000000000000000CC0002 /* AccountsCoordinator */,
				F00000000000000000CC0003 /* BudgetCoordinator */,
				F00000000000000000CC0004 /* InvestmentsCoordinator */,
				F00000000000000000CC0005 /* ForecastCoordinator */,
			);
			path = Coordinators;
			sourceTree = "<group>";
		};
		5AB154BC2F3E807500412C7D /* UI */ = {
			isa = PBXGroup;
			children = (
				5AB154BB2F3E807500412C7D /* Coordinators */,
			);
			path = UI;
			sourceTree = "<group>";
		};
		5AB154CE2F3E80CC00412C7D /* AppState */ = {
			isa = PBXGroup;
			children = (
				5AB154CD2F3E80CC00412C7D /* AppState.swift */,
			);
			path = AppState;
			sourceTree = "<group>";
		};
		70F52695820CC9C47E6A4847 = {
			isa = PBXGroup;
			children = (
				F7F7D71687B0F42EAC981B68 /* FinScope */,
				CA57627EE1C2E2806E4A7100 /* FinScopeTests */,
				20E11C6D597F142617B59B03 /* FinScopeUITests */,
				1190A5D32F01D0D71382B7C3 /* Products */,
			);
			sourceTree = "<group>";
		};
		CA57627EE1C2E2806E4A7100 /* FinScopeTests */ = {
			isa = PBXGroup;
			children = (
				DB75E3F53CBA8D035EC5C697 /* FinScopeTests.swift */,
				E30000000000000000CC6001 /* Mocks */,
				E30000000000000000CC6002 /* Domain */,
				E30000000000000000CC6005 /* Data */,
				E30000000000000000CCD002 /* Presentation */,
			);
			path = FinScopeTests;
			sourceTree = "<group>";
		};
		E30000000000000000CC1001 /* Core */ = {
			isa = PBXGroup;
			children = (
				E30000000000000000CC1002 /* Persistence */,
				E30000000000000000CC1003 /* Extensions */,
				E30000000000000000CC1004 /* Utilities */,
				E30000000000000000CC1005 /* Networking */,
			);
			path = Core;
			sourceTree = "<group>";
		};
		E30000000000000000CC1002 /* Persistence */ = {
			isa = PBXGroup;
			children = (
				E10000000000000000AA1001 /* CoreDataStack.swift */,
			);
			path = Persistence;
			sourceTree = "<group>";
		};
		E30000000000000000CC1003 /* Extensions */ = {
			isa = PBXGroup;
			children = (
				E10000000000000000AA1002 /* Decimal+Extensions.swift */,
				E10000000000000000AA1003 /* Date+Extensions.swift */,
				E10000000000000000AA1006 /* Notification+Extensions.swift */,
			);
			path = Extensions;
			sourceTree = "<group>";
		};
		E30000000000000000CC1004 /* Utilities */ = {
			isa = PBXGroup;
			children = (
				E10000000000000000AA1004 /* CSVParser.swift */,
			);
			path = Utilities;
			sourceTree = "<group>";
		};
		E30000000000000000CC1005 /* Networking */ = {
			isa = PBXGroup;
			children = (
				E10000000000000000AA1005 /* CurrencyConverter.swift */,
			);
			path = Networking;
			sourceTree = "<group>";
		};
		E30000000000000000CC2001 /* Domain */ = {
			isa = PBXGroup;
			children = (
				E30000000000000000CC2002 /* Entities */,
				E30000000000000000CC2003 /* Repositories */,
				E30000000000000000CC2004 /* UseCases */,
				E30000000000000000CCF001 /* Services */,
			);
			path = Domain;
			sourceTree = "<group>";
		};
		E30000000000000000CC2002 /* Entities */ = {
			isa = PBXGroup;
			children = (
				E10000000000000000AA2001 /* Account.swift */,
				E10000000000000000AA2002 /* Transaction.swift */,
				E10000000000000000AA2003 /* Category.swift */,
				E10000000000000000AA2004 /* Subcategory.swift */,
				E10000000000000000AA2005 /* RecurrenceRule.swift */,
				E10000000000000000AA2006 /* Budget.swift */,
				E10000000000000000AAF001 /* MonthlyForecast.swift */,
			);
			path = Entities;
			sourceTree = "<group>";
		};
		E30000000000000000CC2003 /* Repositories */ = {
			isa = PBXGroup;
			children = (
				E10000000000000000AA2101 /* AccountRepositoryProtocol.swift */,
				E10000000000000000AA2102 /* TransactionRepositoryProtocol.swift */,
				E10000000000000000AA2103 /* CategoryRepositoryProtocol.swift */,
				E10000000000000000AA2104 /* SubcategoryRepositoryProtocol.swift */,
				E10000000000000000AA2105 /* BudgetRepositoryProtocol.swift */,
			);
			path = Repositories;
			sourceTree = "<group>";
		};
		E30000000000000000CC2004 /* UseCases */ = {
			isa = PBXGroup;
			children = (
				E30000000000000000CC2005 /* Account */,
				E30000000000000000CC2006 /* Transaction */,
				E30000000000000000CC2007 /* Category */,
				E30000000000000000CC2008 /* Budget */,
				E30000000000000000CCF002 /* Forecast */,
			);
			path = UseCases;
			sourceTree = "<group>";
		};
		E30000000000000000CC2005 /* Account */ = {
			isa = PBXGroup;
			children = (
				E10000000000000000AA2201 /* FetchAccountsUseCase.swift */,
				E10000000000000000AA2202 /* FetchAccountUseCase.swift */,
				E10000000000000000AA2203 /* CreateAccountUseCase.swift */,
				E10000000000000000AA2204 /* UpdateAccountUseCase.swift */,
				E10000000000000000AA2205 /* DeleteAccountUseCase.swift */,
			);
			path = Account;
			sourceTree = "<group>";
		};
		E30000000000000000CC2006 /* Transaction */ = {
			isa = PBXGroup;
			children = (
				E10000000000000000AA2301 /* FetchTransactionsUseCase.swift */,
				E10000000000000000AA2302 /* AddTransactionUseCase.swift */,
				E10000000000000000AA2303 /* UpdateTransactionUseCase.swift */,
				E10000000000000000AA2304 /* DeleteTransactionUseCase.swift */,
				E10000000000000000AA2305 /* ImportTransactionsUseCase.swift */,
				E10000000000000000AA2306 /* ExportTransactionsUseCase.swift */,
			);
			path = Transaction;
			sourceTree = "<group>";
		};
		E30000000000000000CC2007 /* Category */ = {
			isa = PBXGroup;
			children = (
				E10000000000000000AA2401 /* FetchCategoriesUseCase.swift */,
				E10000000000000000AA2402 /* CreateCategoryUseCase.swift */,
				E10000000000000000AA2403 /* SeedDefaultCategoriesUseCase.swift */,
			);
			path = Category;
			sourceTree = "<group>";
		};
		E30000000000000000CC2008 /* Budget */ = {
			isa = PBXGroup;
			children = (
				E10000000000000000AA2501 /* FetchBudgetsUseCase.swift */,
				E10000000000000000AA2502 /* CreateBudgetUseCase.swift */,
				E10000000000000000AA2503 /* UpdateBudgetUseCase.swift */,
				E10000000000000000AA2504 /* DeleteBudgetUseCase.swift */,
				E10000000000000000AA2505 /* FetchCategorySpendingUseCase.swift */,
			);
			path = Budget;
			sourceTree = "<group>";
		};
		E30000000000000000CC3001 /* Data */ = {
			isa = PBXGroup;
			children = (
				E30000000000000000CC3002 /* ManagedObjects */,
				E30000000000000000CC3003 /* Mappers */,
				E30000000000000000CC3004 /* Repositories */,
				E30000000000000000CC3005 /* Seeds */,
				E30000000000000000CCF003 /* Services */,
			);
			path = Data;
			sourceTree = "<group>";
		};
		E30000000000000000CC3002 /* ManagedObjects */ = {
			isa = PBXGroup;
			children = (
				E10000000000000000AA3001 /* AccountMO.swift */,
				E10000000000000000AA3002 /* TransactionMO.swift */,
				E10000000000000000AA3003 /* CategoryMO.swift */,
				E10000000000000000AA3004 /* SubcategoryMO.swift */,
				E10000000000000000AA3005 /* BudgetMO.swift */,
			);
			path = ManagedObjects;
			sourceTree = "<group>";
		};
		E30000000000000000CC3003 /* Mappers */ = {
			isa = PBXGroup;
			children = (
				E10000000000000000AA3101 /* AccountMapper.swift */,
				E10000000000000000AA3102 /* TransactionMapper.swift */,
				E10000000000000000AA3103 /* CategoryMapper.swift */,
				E10000000000000000AA3104 /* SubcategoryMapper.swift */,
				E10000000000000000AA3105 /* BudgetMapper.swift */,
			);
			path = Mappers;
			sourceTree = "<group>";
		};
		E30000000000000000CC3004 /* Repositories */ = {
			isa = PBXGroup;
			children = (
				E10000000000000000AA3201 /* CoreDataAccountRepository.swift */,
				E10000000000000000AA3202 /* CoreDataTransactionRepository.swift */,
				E10000000000000000AA3203 /* CoreDataCategoryRepository.swift */,
				E10000000000000000AA3204 /* CoreDataSubcategoryRepository.swift */,
				E10000000000000000AA3205 /* CoreDataBudgetRepository.swift */,
			);
			path = Repositories;
			sourceTree = "<group>";
		};
		E30000000000000000CC3005 /* Seeds */ = {
			isa = PBXGroup;
			children = (
				E10000000000000000AA3301 /* DefaultCategoryData.swift */,
			);
			path = Seeds;
			sourceTree = "<group>";
		};
		E30000000000000000CC4001 /* Presentation */ = {
			isa = PBXGroup;
			children = (
				E30000000000000000CC4002 /* Accounts */,
				E30000000000000000CC4003 /* Transactions */,
				E30000000000000000CC4004 /* Categories */,
				E30000000000000000CC4005 /* Budgets */,
				E30000000000000000CCF004 /* Forecasts */,
				E30000000000000000CCD001 /* Dashboard */,
			);
			path = Presentation;
			sourceTree = "<group>";
		};
		E30000000000000000CC4002 /* Accounts */ = {
			isa = PBXGroup;
			children = (
				E10000000000000000AA4001 /* AccountListViewModel.swift */,
				E10000000000000000AA4002 /* AccountListView.swift */,
				E10000000000000000AA4003 /* AccountDetailViewModel.swift */,
				E10000000000000000AA4004 /* AccountDetailView.swift */,
				E10000000000000000AA4005 /* AccountFormViewModel.swift */,
				E10000000000000000AA4006 /* AccountFormView.swift */,
			);
			path = Accounts;
			sourceTree = "<group>";
		};
		E30000000000000000CC4003 /* Transactions */ = {
			isa = PBXGroup;
			children = (
				E10000000000000000AA4101 /* TransactionRowView.swift */,
				E10000000000000000AA4102 /* TransactionFormViewModel.swift */,
				E10000000000000000AA4103 /* TransactionFormView.swift */,
				E10000000000000000AA4104 /* CSVImportExportViewModel.swift */,
				E10000000000000000AA4105 /* CSVImportExportView.swift */,
			);
			path = Transactions;
			sourceTree = "<group>";
		};
		E30000000000000000CC4004 /* Categories */ = {
			isa = PBXGroup;
			children = (
				E10000000000000000AA4201 /* CategoryListViewModel.swift */,
				E10000000000000000AA4202 /* CategoryListView.swift */,
				E10000000000000000AA4203 /* CategoryFormView.swift */,
			);
			path = Categories;
			sourceTree = "<group>";
		};
		E30000000000000000CC4005 /* Budgets */ = {
			isa = PBXGroup;
			children = (
				E10000000000000000AA4301 /* BudgetListViewModel.swift */,
				E10000000000000000AA4302 /* BudgetListView.swift */,
				E10000000000000000AA4303 /* BudgetFormViewModel.swift */,
				E10000000000000000AA4304 /* BudgetFormView.swift */,
			);
			path = Budgets;
			sourceTree = "<group>";
		};
		E30000000000000000CC5001 /* App */ = {
			isa = PBXGroup;
			children = (
				E10000000000000000AA5001 /* CompositionRoot.swift */,
			);
			path = App;
			sourceTree = "<group>";
		};
		E30000000000000000CC6001 /* Mocks */ = {
			isa = PBXGroup;
			children = (
				E10000000000000000AA6001 /* MockAccountRepository.swift */,
				E10000000000000000AA6002 /* MockTransactionRepository.swift */,
				E10000000000000000AA6003 /* MockCategoryRepository.swift */,
				E10000000000000000AA6004 /* MockSubcategoryRepository.swift */,
				E10000000000000000AAF101 /* MockForecastService.swift */,
				E10000000000000000AAD101 /* MockBudgetRepository.swift */,
			);
			path = Mocks;
			sourceTree = "<group>";
		};
		E30000000000000000CC6002 /* Domain */ = {
			isa = PBXGroup;
			children = (
				E30000000000000000CC6003 /* Entities */,
				E30000000000000000CC6004 /* UseCases */,
			);
			path = Domain;
			sourceTree = "<group>";
		};
		E30000000000000000CC6003 /* Entities */ = {
			isa = PBXGroup;
			children = (
				E10000000000000000AA6101 /* AccountTests.swift */,
				E10000000000000000AA6102 /* TransactionTests.swift */,
				E10000000000000000AA6103 /* CategoryTests.swift */,
			);
			path = Entities;
			sourceTree = "<group>";
		};
		E30000000000000000CC6004 /* UseCases */ = {
			isa = PBXGroup;
			children = (
				E10000000000000000AA6201 /* FetchAccountsUseCaseTests.swift */,
				E10000000000000000AA6202 /* CreateAccountUseCaseTests.swift */,
				E10000000000000000AA6203 /* DeleteAccountUseCaseTests.swift */,
				E10000000000000000AA6204 /* AddTransactionUseCaseTests.swift */,
				E10000000000000000AA6205 /* DeleteTransactionUseCaseTests.swift */,
				E10000000000000000AA6206 /* ImportTransactionsUseCaseTests.swift */,
				E10000000000000000AA6207 /* ExportTransactionsUseCaseTests.swift */,
				E10000000000000000AAF102 /* GenerateForecastUseCaseTests.swift */,
			);
			path = UseCases;
			sourceTree = "<group>";
		};
		E30000000000000000CC6005 /* Data */ = {
			isa = PBXGroup;
			children = (
				E30000000000000000CC6006 /* Mappers */,
				E30000000000000000CC6007 /* Services */,
			);
			path = Data;
			sourceTree = "<group>";
		};
		E30000000000000000CC6006 /* Mappers */ = {
			isa = PBXGroup;
			children = (
				E10000000000000000AA6301 /* AccountMapperTests.swift */,
				E10000000000000000AA6302 /* TransactionMapperTests.swift */,
			);
			path = Mappers;
			sourceTree = "<group>";
		};
		E30000000000000000CC6007 /* Services */ = {
			isa = PBXGroup;
			children = (
				E10000000000000000AA6401 /* CSVParserTests.swift */,
				E10000000000000000AAF103 /* ForecastServiceTests.swift */,
			);
			path = Services;
			sourceTree = "<group>";
		};
		F00000000000000000CC0001 /* DashboardCoordinator */ = {
			isa = PBXGroup;
			children = (
				F00000000000000000AA0002 /* DashboardCoordinator.swift */,
				F00000000000000000AA0003 /* DashboardCoordinatorView.swift */,
			);
			path = DashboardCoordinator;
			sourceTree = "<group>";
		};
		F00000000000000000CC0002 /* AccountsCoordinator */ = {
			isa = PBXGroup;
			children = (
				F00000000000000000AA0005 /* AccountsCoordinator.swift */,
				F00000000000000000AA0006 /* AccountsCoordinatorView.swift */,
			);
			path = AccountsCoordinator;
			sourceTree = "<group>";
		};
		F00000000000000000CC0003 /* BudgetCoordinator */ = {
			isa = PBXGroup;
			children = (
				F00000000000000000AA0008 /* BudgetCoordinator.swift */,
				F00000000000000000AA0009 /* BudgetCoordinatorView.swift */,
			);
			path = BudgetCoordinator;
			sourceTree = "<group>";
		};
		F00000000000000000CC0004 /* InvestmentsCoordinator */ = {
			isa = PBXGroup;
			children = (
				F00000000000000000AA000B /* InvestmentsCoordinator.swift */,
				F00000000000000000AA000C /* InvestmentsCoordinatorView.swift */,
			);
			path = InvestmentsCoordinator;
			sourceTree = "<group>";
		};
		F00000000000000000CC0005 /* ForecastCoordinator */ = {
			isa = PBXGroup;
			children = (
				F00000000000000000AA000E /* ForecastCoordinator.swift */,
				F00000000000000000AA000F /* ForecastCoordinatorView.swift */,
			);
			path = ForecastCoordinator;
			sourceTree = "<group>";
		};
		F7F7D71687B0F42EAC981B68 /* FinScope */ = {
			isa = PBXGroup;
			children = (
				5183450ADA4538DED72B8404 /* FinScopeApp.swift */,
				4069ACC4B1B0DD54C9682123 /* Assets.xcassets */,
				E10000000000000000AA9001 /* FinScope.xcdatamodeld */,
				E30000000000000000CC5001 /* App */,
				5AB154CE2F3E80CC00412C7D /* AppState */,
				E30000000000000000CC1001 /* Core */,
				E30000000000000000CC2001 /* Domain */,
				E30000000000000000CC3001 /* Data */,
				E30000000000000000CC4001 /* Presentation */,
				5AB154BC2F3E807500412C7D /* UI */,
			);
			path = FinScope;
			sourceTree = "<group>";
		};
		E30000000000000000CCF001 /* Services */ = {
			isa = PBXGroup;
			children = (
				E10000000000000000AAF002 /* ForecastServiceProtocol.swift */,
			);
			path = Services;
			sourceTree = "<group>";
		};
		E30000000000000000CCF002 /* Forecast */ = {
			isa = PBXGroup;
			children = (
				E10000000000000000AAF003 /* GenerateForecastUseCase.swift */,
			);
			path = Forecast;
			sourceTree = "<group>";
		};
		E30000000000000000CCF003 /* Services */ = {
			isa = PBXGroup;
			children = (
				E10000000000000000AAF004 /* ForecastService.swift */,
			);
			path = Services;
			sourceTree = "<group>";
		};
		E30000000000000000CCF004 /* Forecasts */ = {
			isa = PBXGroup;
			children = (
				E10000000000000000AAF005 /* ForecastViewModel.swift */,
				E10000000000000000AAF006 /* ForecastView.swift */,
				E10000000000000000AAF007 /* ForecastMonthRowView.swift */,
			);
			path = Forecasts;
			sourceTree = "<group>";
		};
		E30000000000000000CCD001 /* Dashboard */ = {
			isa = PBXGroup;
			children = (
				E10000000000000000AAD001 /* DashboardViewModel.swift */,
				E10000000000000000AAD002 /* DashboardView.swift */,
				E10000000000000000AAD003 /* DashboardAccountRowView.swift */,
				E10000000000000000AAD004 /* DashboardBudgetSummaryView.swift */,
				E10000000000000000AAD005 /* DashboardTransactionRowView.swift */,
			);
			path = Dashboard;
			sourceTree = "<group>";
		};
		E30000000000000000CCD002 /* Presentation */ = {
			isa = PBXGroup;
			children = (
				E10000000000000000AAD102 /* DashboardViewModelTests.swift */,
			);
			path = Presentation;
			sourceTree = "<group>";
		};
/* End PBXGroup section */

/* Begin PBXNativeTarget section */
		739113ECCD4254630E13FB90 /* FinScope */ = {
			isa = PBXNativeTarget;
			buildConfigurationList = 0B5DD9389466C28E24B64B27 /* Build configuration list for PBXNativeTarget "FinScope" */;
			buildPhases = (
				C4457B71C4481C3983EC1341 /* Sources */,
				A66CB340AB5F16180BA6A262 /* Frameworks */,
				90EC7BFE91F03E4CDE8B48E8 /* Resources */,
			);
			buildRules = (
			);
			dependencies = (
			);
			name = FinScope;
			productName = FinScope;
			productReference = 58BD64C992BBA90F23B438AF /* FinScope.app */;
			productType = "com.apple.product-type.application";
		};
		B0FD6A2F530B022C90307A57 /* FinScopeUITests */ = {
			isa = PBXNativeTarget;
			buildConfigurationList = B2D5E41CDF9646DCFA92B2A4 /* Build configuration list for PBXNativeTarget "FinScopeUITests" */;
			buildPhases = (
				AA417D91E92125B97F49613B /* Sources */,
				C5A3B54724822AD596321DD8 /* Frameworks */,
				6CCB99BD0E302CA8B87B88C3 /* Resources */,
			);
			buildRules = (
			);
			dependencies = (
				F65FB43DCD3FC49EDAF75AA0 /* PBXTargetDependency */,
			);
			name = FinScopeUITests;
			productName = FinScopeUITests;
			productReference = 777FCDC88C8250551FC8552A /* FinScopeUITests.xctest */;
			productType = "com.apple.product-type.bundle.ui-testing";
		};
		F66167C84CE276C72F1073D1 /* FinScopeTests */ = {
			isa = PBXNativeTarget;
			buildConfigurationList = C4E6E1D1F9C4FCE7D0017BE4 /* Build configuration list for PBXNativeTarget "FinScopeTests" */;
			buildPhases = (
				B56536A72A869C23583E39E4 /* Sources */,
				4C419680FF4AC929AC2D16B8 /* Frameworks */,
				907538ED3503A45C9051C521 /* Resources */,
			);
			buildRules = (
			);
			dependencies = (
				2D101988F02E24D5B2BF2DD6 /* PBXTargetDependency */,
			);
			name = FinScopeTests;
			productName = FinScopeTests;
			productReference = 770605DC19F580A29CA277AF /* FinScopeTests.xctest */;
			productType = "com.apple.product-type.bundle.unit-test";
		};
/* End PBXNativeTarget section */

/* Begin PBXProject section */
		A0BE772E36E1C0A078E0D858 /* Project object */ = {
			isa = PBXProject;
			attributes = {
				BuildIndependentTargetsInParallel = 1;
				LastSwiftUpdateCheck = 1600;
				LastUpgradeCheck = 1600;
				TargetAttributes = {
					739113ECCD4254630E13FB90 = {
						CreatedOnToolsVersion = 16.0;
					};
					B0FD6A2F530B022C90307A57 = {
						CreatedOnToolsVersion = 16.0;
						TestTargetID = 739113ECCD4254630E13FB90;
					};
					F66167C84CE276C72F1073D1 = {
						CreatedOnToolsVersion = 16.0;
						TestTargetID = 739113ECCD4254630E13FB90;
					};
				};
			};
			buildConfigurationList = A15C1660503C9D18B9702A73 /* Build configuration list for PBXProject "FinScope" */;
			compatibilityVersion = "Xcode 15.0";
			developmentRegion = en;
			hasScannedForEncodings = 0;
			knownRegions = (
				en,
				Base,
			);
			mainGroup = 70F52695820CC9C47E6A4847;
			productRefGroup = 1190A5D32F01D0D71382B7C3 /* Products */;
			projectDirPath = "";
			projectRoot = "";
			targets = (
				739113ECCD4254630E13FB90 /* FinScope */,
				F66167C84CE276C72F1073D1 /* FinScopeTests */,
				B0FD6A2F530B022C90307A57 /* FinScopeUITests */,
			);
		};
/* End PBXProject section */

/* Begin PBXResourcesBuildPhase section */
		6CCB99BD0E302CA8B87B88C3 /* Resources */ = {
			isa = PBXResourcesBuildPhase;
			buildActionMask = 2147483647;
			files = (
			);
			runOnlyForDeploymentPostprocessing = 0;
		};
		907538ED3503A45C9051C521 /* Resources */ = {
			isa = PBXResourcesBuildPhase;
			buildActionMask = 2147483647;
			files = (
			);
			runOnlyForDeploymentPostprocessing = 0;
		};
		90EC7BFE91F03E4CDE8B48E8 /* Resources */ = {
			isa = PBXResourcesBuildPhase;
			buildActionMask = 2147483647;
			files = (
				D3D0FCF12D178AF59793148F /* Assets.xcassets in Resources */,
			);
			runOnlyForDeploymentPostprocessing = 0;
		};
/* End PBXResourcesBuildPhase section */

/* Begin PBXSourcesBuildPhase section */
		AA417D91E92125B97F49613B /* Sources */ = {
			isa = PBXSourcesBuildPhase;
			buildActionMask = 2147483647;
			files = (
				C9ACD8A46690C2A85410AA1C /* FinScopeUITests.swift in Sources */,
				0304BCB02B2CB0568B7047E9 /* FinScopeUITestsLaunchTests.swift in Sources */,
			);
			runOnlyForDeploymentPostprocessing = 0;
		};
		B56536A72A869C23583E39E4 /* Sources */ = {
			isa = PBXSourcesBuildPhase;
			buildActionMask = 2147483647;
			files = (
				ED71D6C7DEDA9961826CA09F /* FinScopeTests.swift in Sources */,
				E20000000000000000BB6001 /* MockAccountRepository.swift in Sources */,
				E20000000000000000BB6002 /* MockTransactionRepository.swift in Sources */,
				E20000000000000000BB6003 /* MockCategoryRepository.swift in Sources */,
				E20000000000000000BB6004 /* MockSubcategoryRepository.swift in Sources */,
				E20000000000000000BB6101 /* AccountTests.swift in Sources */,
				E20000000000000000BB6102 /* TransactionTests.swift in Sources */,
				E20000000000000000BB6103 /* CategoryTests.swift in Sources */,
				E20000000000000000BB6201 /* FetchAccountsUseCaseTests.swift in Sources */,
				E20000000000000000BB6202 /* CreateAccountUseCaseTests.swift in Sources */,
				E20000000000000000BB6203 /* DeleteAccountUseCaseTests.swift in Sources */,
				E20000000000000000BB6204 /* AddTransactionUseCaseTests.swift in Sources */,
				E20000000000000000BB6205 /* DeleteTransactionUseCaseTests.swift in Sources */,
				E20000000000000000BB6206 /* ImportTransactionsUseCaseTests.swift in Sources */,
				E20000000000000000BB6207 /* ExportTransactionsUseCaseTests.swift in Sources */,
				E20000000000000000BB6301 /* AccountMapperTests.swift in Sources */,
				E20000000000000000BB6302 /* TransactionMapperTests.swift in Sources */,
				E20000000000000000BB6401 /* CSVParserTests.swift in Sources */,
				E20000000000000000BBF101 /* MockForecastService.swift in Sources */,
				E20000000000000000BBF102 /* GenerateForecastUseCaseTests.swift in Sources */,
				E20000000000000000BBF103 /* ForecastServiceTests.swift in Sources */,
				E20000000000000000BBD101 /* MockBudgetRepository.swift in Sources */,
				E20000000000000000BBD102 /* DashboardViewModelTests.swift in Sources */,
			);
			runOnlyForDeploymentPostprocessing = 0;
		};
		C4457B71C4481C3983EC1341 /* Sources */ = {
			isa = PBXSourcesBuildPhase;
			buildActionMask = 2147483647;
			files = (
				1003CB33AF057FFF8B6F4F67 /* FinScopeApp.swift in Sources */,
				5AB154CF2F3E80CC00412C7D /* AppState.swift in Sources */,
				F00000000000000000BB0001 /* Coordinator.swift in Sources */,
				5AB154CB2F3E807500412C7D /* AppCoordinator.swift in Sources */,
				5AB154CC2F3E807500412C7D /* AppCoordinatorView.swift in Sources */,
				5AB154CA2F3E807500412C7D /* ContentCoordinator.swift in Sources */,
				5AB154C52F3E807500412C7D /* ContentCoordinatorView.swift in Sources */,
				F00000000000000000BB0002 /* DashboardCoordinator.swift in Sources */,
				F00000000000000000BB0003 /* DashboardCoordinatorView.swift in Sources */,
				F00000000000000000BB0004 /* NavigationDestination.swift in Sources */,
				F00000000000000000BB0005 /* AccountsCoordinator.swift in Sources */,
				F00000000000000000BB0006 /* AccountsCoordinatorView.swift in Sources */,
				F00000000000000000BB0008 /* BudgetCoordinator.swift in Sources */,
				F00000000000000000BB0009 /* BudgetCoordinatorView.swift in Sources */,
				F00000000000000000BB000B /* InvestmentsCoordinator.swift in Sources */,
				F00000000000000000BB000C /* InvestmentsCoordinatorView.swift in Sources */,
				F00000000000000000BB000E /* ForecastCoordinator.swift in Sources */,
				F00000000000000000BB000F /* ForecastCoordinatorView.swift in Sources */,
				E20000000000000000BB1001 /* CoreDataStack.swift in Sources */,
				E20000000000000000BB1002 /* Decimal+Extensions.swift in Sources */,
				E20000000000000000BB1003 /* Date+Extensions.swift in Sources */,
				E20000000000000000BB1006 /* Notification+Extensions.swift in Sources */,
				E20000000000000000BB1004 /* CSVParser.swift in Sources */,
				E20000000000000000BB1005 /* CurrencyConverter.swift in Sources */,
				E20000000000000000BB2001 /* Account.swift in Sources */,
				E20000000000000000BB2002 /* Transaction.swift in Sources */,
				E20000000000000000BB2003 /* Category.swift in Sources */,
				E20000000000000000BB2004 /* Subcategory.swift in Sources */,
				E20000000000000000BB2005 /* RecurrenceRule.swift in Sources */,
				E20000000000000000BB2101 /* AccountRepositoryProtocol.swift in Sources */,
				E20000000000000000BB2102 /* TransactionRepositoryProtocol.swift in Sources */,
				E20000000000000000BB2103 /* CategoryRepositoryProtocol.swift in Sources */,
				E20000000000000000BB2104 /* SubcategoryRepositoryProtocol.swift in Sources */,
				E20000000000000000BB2201 /* FetchAccountsUseCase.swift in Sources */,
				E20000000000000000BB2202 /* FetchAccountUseCase.swift in Sources */,
				E20000000000000000BB2203 /* CreateAccountUseCase.swift in Sources */,
				E20000000000000000BB2204 /* UpdateAccountUseCase.swift in Sources */,
				E20000000000000000BB2205 /* DeleteAccountUseCase.swift in Sources */,
				E20000000000000000BB2301 /* FetchTransactionsUseCase.swift in Sources */,
				E20000000000000000BB2302 /* AddTransactionUseCase.swift in Sources */,
				E20000000000000000BB2303 /* UpdateTransactionUseCase.swift in Sources */,
				E20000000000000000BB2304 /* DeleteTransactionUseCase.swift in Sources */,
				E20000000000000000BB2305 /* ImportTransactionsUseCase.swift in Sources */,
				E20000000000000000BB2306 /* ExportTransactionsUseCase.swift in Sources */,
				E20000000000000000BB2401 /* FetchCategoriesUseCase.swift in Sources */,
				E20000000000000000BB2402 /* CreateCategoryUseCase.swift in Sources */,
				E20000000000000000BB2403 /* SeedDefaultCategoriesUseCase.swift in Sources */,
				E20000000000000000BB3001 /* AccountMO.swift in Sources */,
				E20000000000000000BB3002 /* TransactionMO.swift in Sources */,
				E20000000000000000BB3003 /* CategoryMO.swift in Sources */,
				E20000000000000000BB3004 /* SubcategoryMO.swift in Sources */,
				E20000000000000000BB3101 /* AccountMapper.swift in Sources */,
				E20000000000000000BB3102 /* TransactionMapper.swift in Sources */,
				E20000000000000000BB3103 /* CategoryMapper.swift in Sources */,
				E20000000000000000BB3104 /* SubcategoryMapper.swift in Sources */,
				E20000000000000000BB3201 /* CoreDataAccountRepository.swift in Sources */,
				E20000000000000000BB3202 /* CoreDataTransactionRepository.swift in Sources */,
				E20000000000000000BB3203 /* CoreDataCategoryRepository.swift in Sources */,
				E20000000000000000BB3204 /* CoreDataSubcategoryRepository.swift in Sources */,
				E20000000000000000BB3301 /* DefaultCategoryData.swift in Sources */,
				E20000000000000000BB4001 /* AccountListViewModel.swift in Sources */,
				E20000000000000000BB4002 /* AccountListView.swift in Sources */,
				E20000000000000000BB4003 /* AccountDetailViewModel.swift in Sources */,
				E20000000000000000BB4004 /* AccountDetailView.swift in Sources */,
				E20000000000000000BB4005 /* AccountFormViewModel.swift in Sources */,
				E20000000000000000BB4006 /* AccountFormView.swift in Sources */,
				E20000000000000000BB4101 /* TransactionRowView.swift in Sources */,
				E20000000000000000BB4102 /* TransactionFormViewModel.swift in Sources */,
				E20000000000000000BB4103 /* TransactionFormView.swift in Sources */,
				E20000000000000000BB4104 /* CSVImportExportViewModel.swift in Sources */,
				E20000000000000000BB4105 /* CSVImportExportView.swift in Sources */,
				E20000000000000000BB4201 /* CategoryListViewModel.swift in Sources */,
				E20000000000000000BB4202 /* CategoryListView.swift in Sources */,
				E20000000000000000BB4203 /* CategoryFormView.swift in Sources */,
				E20000000000000000BB2006 /* Budget.swift in Sources */,
				E20000000000000000BB2105 /* BudgetRepositoryProtocol.swift in Sources */,
				E20000000000000000BB2501 /* FetchBudgetsUseCase.swift in Sources */,
				E20000000000000000BB2502 /* CreateBudgetUseCase.swift in Sources */,
				E20000000000000000BB2503 /* UpdateBudgetUseCase.swift in Sources */,
				E20000000000000000BB2504 /* DeleteBudgetUseCase.swift in Sources */,
				E20000000000000000BB2505 /* FetchCategorySpendingUseCase.swift in Sources */,
				E20000000000000000BB3005 /* BudgetMO.swift in Sources */,
				E20000000000000000BB3105 /* BudgetMapper.swift in Sources */,
				E20000000000000000BB3205 /* CoreDataBudgetRepository.swift in Sources */,
				E20000000000000000BB4301 /* BudgetListViewModel.swift in Sources */,
				E20000000000000000BB4302 /* BudgetListView.swift in Sources */,
				E20000000000000000BB4303 /* BudgetFormViewModel.swift in Sources */,
				E20000000000000000BB4304 /* BudgetFormView.swift in Sources */,
				E20000000000000000BB5001 /* CompositionRoot.swift in Sources */,
				E20000000000000000BB9001 /* FinScope.xcdatamodeld in Sources */,
				E20000000000000000BBF001 /* MonthlyForecast.swift in Sources */,
				E20000000000000000BBF002 /* ForecastServiceProtocol.swift in Sources */,
				E20000000000000000BBF003 /* GenerateForecastUseCase.swift in Sources */,
				E20000000000000000BBF004 /* ForecastService.swift in Sources */,
				E20000000000000000BBF005 /* ForecastViewModel.swift in Sources */,
				E20000000000000000BBF006 /* ForecastView.swift in Sources */,
				E20000000000000000BBF007 /* ForecastMonthRowView.swift in Sources */,
				E20000000000000000BBD001 /* DashboardViewModel.swift in Sources */,
				E20000000000000000BBD002 /* DashboardView.swift in Sources */,
				E20000000000000000BBD003 /* DashboardAccountRowView.swift in Sources */,
				E20000000000000000BBD004 /* DashboardBudgetSummaryView.swift in Sources */,
				E20000000000000000BBD005 /* DashboardTransactionRowView.swift in Sources */,
			);
			runOnlyForDeploymentPostprocessing = 0;
		};
/* End PBXSourcesBuildPhase section */

/* Begin PBXTargetDependency section */
		2D101988F02E24D5B2BF2DD6 /* PBXTargetDependency */ = {
			isa = PBXTargetDependency;
			target = 739113ECCD4254630E13FB90 /* FinScope */;
			targetProxy = 821FDB054C05366FA8276948 /* PBXContainerItemProxy */;
		};
		F65FB43DCD3FC49EDAF75AA0 /* PBXTargetDependency */ = {
			isa = PBXTargetDependency;
			target = 739113ECCD4254630E13FB90 /* FinScope */;
			targetProxy = B2DA77F7069416A05C8148AC /* PBXContainerItemProxy */;
		};
/* End PBXTargetDependency section */

/* Begin XCBuildConfiguration section */
		23B03F0C6D368AE79A98904E /* Release */ = {
			isa = XCBuildConfiguration;
			buildSettings = {
				BUNDLE_LOADER = "$(TEST_HOST)";
				CODE_SIGN_STYLE = Automatic;
				CURRENT_PROJECT_VERSION = 1;
				DEVELOPMENT_TEAM = "";
				GENERATE_INFOPLIST_FILE = YES;
				IPHONEOS_DEPLOYMENT_TARGET = 26.0;
				MARKETING_VERSION = 1.0;
				PRODUCT_BUNDLE_IDENTIFIER = com.finscope.FinScopeTests;
				PRODUCT_NAME = "$(TARGET_NAME)";
				SWIFT_EMIT_LOC_STRINGS = NO;
				SWIFT_VERSION = 6.0;
				TARGETED_DEVICE_FAMILY = "1,2";
				TEST_HOST = "$(BUILT_PRODUCTS_DIR)/FinScope.app/$(BUNDLE_EXECUTABLE_FOLDER_PATH)/FinScope";
			};
			name = Release;
		};
		5BD3D4356A7DD6A28D5E4680 /* Debug */ = {
			isa = XCBuildConfiguration;
			buildSettings = {
				ASSETCATALOG_COMPILER_APPICON_NAME = AppIcon;
				ASSETCATALOG_COMPILER_GLOBAL_ACCENT_COLOR_NAME = AccentColor;
				CODE_SIGN_STYLE = Automatic;
				CURRENT_PROJECT_VERSION = 1;
				DEVELOPMENT_TEAM = 5KX6A2Y8SP;
				GENERATE_INFOPLIST_FILE = YES;
				INFOPLIST_KEY_UIApplicationSceneManifest_Generation = YES;
				INFOPLIST_KEY_UIApplicationSupportsIndirectInputEvents = YES;
				INFOPLIST_KEY_UILaunchScreen_Generation = YES;
				INFOPLIST_KEY_UISupportedInterfaceOrientations_iPad = "UIInterfaceOrientationPortrait UIInterfaceOrientationPortraitUpsideDown UIInterfaceOrientationLandscapeLeft UIInterfaceOrientationLandscapeRight";
				INFOPLIST_KEY_UISupportedInterfaceOrientations_iPhone = "UIInterfaceOrientationPortrait UIInterfaceOrientationLandscapeLeft UIInterfaceOrientationLandscapeRight";
				IPHONEOS_DEPLOYMENT_TARGET = 26.0;
				LD_RUNPATH_SEARCH_PATHS = (
					"$(inherited)",
					"@executable_path/Frameworks",
				);
				MARKETING_VERSION = 1.0;
				PRODUCT_BUNDLE_IDENTIFIER = com.finscope.FinScope;
				PRODUCT_NAME = "$(TARGET_NAME)";
				SWIFT_EMIT_LOC_STRINGS = YES;
				SWIFT_VERSION = 6.0;
				TARGETED_DEVICE_FAMILY = "1,2";
			};
			name = Debug;
		};
		78F151F852A7CFDDBFDDA6F4 /* Debug */ = {
			isa = XCBuildConfiguration;
			buildSettings = {
				BUNDLE_LOADER = "$(TEST_HOST)";
				CODE_SIGN_STYLE = Automatic;
				CURRENT_PROJECT_VERSION = 1;
				DEVELOPMENT_TEAM = "";
				GENERATE_INFOPLIST_FILE = YES;
				IPHONEOS_DEPLOYMENT_TARGET = 26.0;
				MARKETING_VERSION = 1.0;
				PRODUCT_BUNDLE_IDENTIFIER = com.finscope.FinScopeTests;
				PRODUCT_NAME = "$(TARGET_NAME)";
				SWIFT_EMIT_LOC_STRINGS = NO;
				SWIFT_VERSION = 6.0;
				TARGETED_DEVICE_FAMILY = "1,2";
				TEST_HOST = "$(BUILT_PRODUCTS_DIR)/FinScope.app/$(BUNDLE_EXECUTABLE_FOLDER_PATH)/FinScope";
			};
			name = Debug;
		};
		846D5158B13C50F511A08749 /* Debug */ = {
			isa = XCBuildConfiguration;
			buildSettings = {
				CODE_SIGN_STYLE = Automatic;
				CURRENT_PROJECT_VERSION = 1;
				DEVELOPMENT_TEAM = "";
				GENERATE_INFOPLIST_FILE = YES;
				IPHONEOS_DEPLOYMENT_TARGET = 26.0;
				MARKETING_VERSION = 1.0;
				PRODUCT_BUNDLE_IDENTIFIER = com.finscope.FinScopeUITests;
				PRODUCT_NAME = "$(TARGET_NAME)";
				SWIFT_EMIT_LOC_STRINGS = NO;
				SWIFT_VERSION = 6.0;
				TARGETED_DEVICE_FAMILY = "1,2";
				TEST_TARGET_NAME = FinScope;
			};
			name = Debug;
		};
		9559F83DA21112F5262EA6F5 /* Release */ = {
			isa = XCBuildConfiguration;
			buildSettings = {
				CODE_SIGN_STYLE = Automatic;
				CURRENT_PROJECT_VERSION = 1;
				DEVELOPMENT_TEAM = "";
				GENERATE_INFOPLIST_FILE = YES;
				IPHONEOS_DEPLOYMENT_TARGET = 26.0;
				MARKETING_VERSION = 1.0;
				PRODUCT_BUNDLE_IDENTIFIER = com.finscope.FinScopeUITests;
				PRODUCT_NAME = "$(TARGET_NAME)";
				SWIFT_EMIT_LOC_STRINGS = NO;
				SWIFT_VERSION = 6.0;
				TARGETED_DEVICE_FAMILY = "1,2";
				TEST_TARGET_NAME = FinScope;
			};
			name = Release;
		};
		A19B689464E9348774B0702D /* Debug */ = {
			isa = XCBuildConfiguration;
			buildSettings = {
				ALWAYS_SEARCH_USER_PATHS = NO;
				CLANG_ANALYZER_NONNULL = YES;
				CLANG_ANALYZER_NUMBER_OBJECT_CONVERSION = YES_AGGRESSIVE;
				CLANG_CXX_LANGUAGE_STANDARD = "gnu++20";
				CLANG_ENABLE_MODULES = YES;
				CLANG_ENABLE_OBJC_ARC = YES;
				CLANG_ENABLE_OBJC_WEAK = YES;
				CLANG_WARN_BLOCK_CAPTURE_AUTORELEASING = YES;
				CLANG_WARN_BOOL_CONVERSION = YES;
				CLANG_WARN_COMMA = YES;
				CLANG_WARN_CONSTANT_CONVERSION = YES;
				CLANG_WARN_DEPRECATED_OBJC_IMPLEMENTATIONS = YES;
				CLANG_WARN_DIRECT_OBJC_ISA_USAGE = YES_ERROR;
				CLANG_WARN_DOCUMENTATION_COMMENTS = YES;
				CLANG_WARN_EMPTY_BODY = YES;
				CLANG_WARN_ENUM_CONVERSION = YES;
				CLANG_WARN_INFINITE_RECURSION = YES;
				CLANG_WARN_INT_CONVERSION = YES;
				CLANG_WARN_NON_LITERAL_NULL_CONVERSION = YES;
				CLANG_WARN_OBJC_IMPLICIT_RETAIN_SELF = YES;
				CLANG_WARN_OBJC_LITERAL_CONVERSION = YES;
				CLANG_WARN_OBJC_ROOT_CLASS = YES_ERROR;
				CLANG_WARN_QUOTED_INCLUDE_IN_FRAMEWORK_HEADER = YES;
				CLANG_WARN_RANGE_LOOP_ANALYSIS = YES;
				CLANG_WARN_STRICT_PROTOTYPES = YES;
				CLANG_WARN_SUSPICIOUS_MOVE = YES;
				CLANG_WARN_UNGUARDED_AVAILABILITY = YES_AGGRESSIVE;
				CLANG_WARN_UNREACHABLE_CODE = YES;
				CLANG_WARN__DUPLICATE_METHOD_MATCH = YES;
				COPY_PHASE_STRIP = NO;
				DEBUG_INFORMATION_FORMAT = dwarf;
				ENABLE_STRICT_OBJC_MSGSEND = YES;
				ENABLE_TESTABILITY = YES;
				ENABLE_USER_SCRIPT_SANDBOXING = YES;
				GCC_C_LANGUAGE_STANDARD = gnu17;
				GCC_DYNAMIC_NO_PIC = NO;
				GCC_NO_COMMON_BLOCKS = YES;
				GCC_OPTIMIZATION_LEVEL = 0;
				GCC_PREPROCESSOR_DEFINITIONS = (
					"DEBUG=1",
					"$(inherited)",
				);
				GCC_WARN_64_TO_32_BIT_CONVERSION = YES;
				GCC_WARN_ABOUT_RETURN_TYPE = YES_ERROR;
				GCC_WARN_UNDECLARED_SELECTOR = YES;
				GCC_WARN_UNINITIALIZED_AUTOS = YES_AGGRESSIVE;
				GCC_WARN_UNUSED_FUNCTION = YES;
				GCC_WARN_UNUSED_VARIABLE = YES;
				IPHONEOS_DEPLOYMENT_TARGET = 26.0;
				LOCALIZATION_PREFERS_STRING_CATALOGS = YES;
				MTL_ENABLE_DEBUG_INFO = INCLUDE_SOURCE;
				MTL_FAST_MATH = YES;
				ONLY_ACTIVE_ARCH = YES;
				SDKROOT = iphoneos;
				SWIFT_ACTIVE_COMPILATION_CONDITIONS = "DEBUG $(inherited)";
				SWIFT_OPTIMIZATION_LEVEL = "-Onone";
			};
			name = Debug;
		};
		B61A48402C80FF7253978AA8 /* Release */ = {
			isa = XCBuildConfiguration;
			buildSettings = {
				ASSETCATALOG_COMPILER_APPICON_NAME = AppIcon;
				ASSETCATALOG_COMPILER_GLOBAL_ACCENT_COLOR_NAME = AccentColor;
				CODE_SIGN_STYLE = Automatic;
				CURRENT_PROJECT_VERSION = 1;
				DEVELOPMENT_TEAM = 5KX6A2Y8SP;
				GENERATE_INFOPLIST_FILE = YES;
				INFOPLIST_KEY_UIApplicationSceneManifest_Generation = YES;
				INFOPLIST_KEY_UIApplicationSupportsIndirectInputEvents = YES;
				INFOPLIST_KEY_UILaunchScreen_Generation = YES;
				INFOPLIST_KEY_UISupportedInterfaceOrientations_iPad = "UIInterfaceOrientationPortrait UIInterfaceOrientationPortraitUpsideDown UIInterfaceOrientationLandscapeLeft UIInterfaceOrientationLandscapeRight";
				INFOPLIST_KEY_UISupportedInterfaceOrientations_iPhone = "UIInterfaceOrientationPortrait UIInterfaceOrientationLandscapeLeft UIInterfaceOrientationLandscapeRight";
				IPHONEOS_DEPLOYMENT_TARGET = 26.0;
				LD_RUNPATH_SEARCH_PATHS = (
					"$(inherited)",
					"@executable_path/Frameworks",
				);
				MARKETING_VERSION = 1.0;
				PRODUCT_BUNDLE_IDENTIFIER = com.finscope.FinScope;
				PRODUCT_NAME = "$(TARGET_NAME)";
				SWIFT_EMIT_LOC_STRINGS = YES;
				SWIFT_VERSION = 6.0;
				TARGETED_DEVICE_FAMILY = "1,2";
			};
			name = Release;
		};
		CD347610527B3B873CCF2824 /* Release */ = {
			isa = XCBuildConfiguration;
			buildSettings = {
				ALWAYS_SEARCH_USER_PATHS = NO;
				CLANG_ANALYZER_NONNULL = YES;
				CLANG_ANALYZER_NUMBER_OBJECT_CONVERSION = YES_AGGRESSIVE;
				CLANG_CXX_LANGUAGE_STANDARD = "gnu++20";
				CLANG_ENABLE_MODULES = YES;
				CLANG_ENABLE_OBJC_ARC = YES;
				CLANG_ENABLE_OBJC_WEAK = YES;
				CLANG_WARN_BLOCK_CAPTURE_AUTORELEASING = YES;
				CLANG_WARN_BOOL_CONVERSION = YES;
				CLANG_WARN_COMMA = YES;
				CLANG_WARN_CONSTANT_CONVERSION = YES;
				CLANG_WARN_DEPRECATED_OBJC_IMPLEMENTATIONS = YES;
				CLANG_WARN_DIRECT_OBJC_ISA_USAGE = YES_ERROR;
				CLANG_WARN_DOCUMENTATION_COMMENTS = YES;
				CLANG_WARN_EMPTY_BODY = YES;
				CLANG_WARN_ENUM_CONVERSION = YES;
				CLANG_WARN_INFINITE_RECURSION = YES;
				CLANG_WARN_INT_CONVERSION = YES;
				CLANG_WARN_NON_LITERAL_NULL_CONVERSION = YES;
				CLANG_WARN_OBJC_IMPLICIT_RETAIN_SELF = YES;
				CLANG_WARN_OBJC_LITERAL_CONVERSION = YES;
				CLANG_WARN_OBJC_ROOT_CLASS = YES_ERROR;
				CLANG_WARN_QUOTED_INCLUDE_IN_FRAMEWORK_HEADER = YES;
				CLANG_WARN_RANGE_LOOP_ANALYSIS = YES;
				CLANG_WARN_STRICT_PROTOTYPES = YES;
				CLANG_WARN_SUSPICIOUS_MOVE = YES;
				CLANG_WARN_UNGUARDED_AVAILABILITY = YES_AGGRESSIVE;
				CLANG_WARN_UNREACHABLE_CODE = YES;
				CLANG_WARN__DUPLICATE_METHOD_MATCH = YES;
				COPY_PHASE_STRIP = NO;
				DEBUG_INFORMATION_FORMAT = "dwarf-with-dsym";
				ENABLE_NS_ASSERTIONS = NO;
				ENABLE_STRICT_OBJC_MSGSEND = YES;
				ENABLE_USER_SCRIPT_SANDBOXING = YES;
				GCC_C_LANGUAGE_STANDARD = gnu17;
				GCC_NO_COMMON_BLOCKS = YES;
				GCC_WARN_64_TO_32_BIT_CONVERSION = YES;
				GCC_WARN_ABOUT_RETURN_TYPE = YES_ERROR;
				GCC_WARN_UNDECLARED_SELECTOR = YES;
				GCC_WARN_UNINITIALIZED_AUTOS = YES_AGGRESSIVE;
				GCC_WARN_UNUSED_FUNCTION = YES;
				GCC_WARN_UNUSED_VARIABLE = YES;
				IPHONEOS_DEPLOYMENT_TARGET = 26.0;
				LOCALIZATION_PREFERS_STRING_CATALOGS = YES;
				MTL_ENABLE_DEBUG_INFO = NO;
				MTL_FAST_MATH = YES;
				SDKROOT = iphoneos;
				SWIFT_COMPILATION_MODE = wholemodule;
				VALIDATE_PRODUCT = YES;
			};
			name = Release;
		};
/* End XCBuildConfiguration section */

/* Begin XCConfigurationList section */
		0B5DD9389466C28E24B64B27 /* Build configuration list for PBXNativeTarget "FinScope" */ = {
			isa = XCConfigurationList;
			buildConfigurations = (
				5BD3D4356A7DD6A28D5E4680 /* Debug */,
				B61A48402C80FF7253978AA8 /* Release */,
			);
			defaultConfigurationIsVisible = 0;
			defaultConfigurationName = Release;
		};
		A15C1660503C9D18B9702A73 /* Build configuration list for PBXProject "FinScope" */ = {
			isa = XCConfigurationList;
			buildConfigurations = (
				A19B689464E9348774B0702D /* Debug */,
				CD347610527B3B873CCF2824 /* Release */,
			);
			defaultConfigurationIsVisible = 0;
			defaultConfigurationName = Release;
		};
		B2D5E41CDF9646DCFA92B2A4 /* Build configuration list for PBXNativeTarget "FinScopeUITests" */ = {
			isa = XCConfigurationList;
			buildConfigurations = (
				846D5158B13C50F511A08749 /* Debug */,
				9559F83DA21112F5262EA6F5 /* Release */,
			);
			defaultConfigurationIsVisible = 0;
			defaultConfigurationName = Release;
		};
		C4E6E1D1F9C4FCE7D0017BE4 /* Build configuration list for PBXNativeTarget "FinScopeTests" */ = {
			isa = XCConfigurationList;
			buildConfigurations = (
				78F151F852A7CFDDBFDDA6F4 /* Debug */,
				23B03F0C6D368AE79A98904E /* Release */,
			);
			defaultConfigurationIsVisible = 0;
			defaultConfigurationName = Release;
		};
/* End XCConfigurationList section */
	};
	rootObject = A0BE772E36E1C0A078E0D858 /* Project object */;
}
